// !$*UTF8*$!
{
	archiveVersion = 1;
	classes = {
	};
	objectVersion = 46;
	objects = {

/* Begin PBXBuildFile section */
		05907EAC1EF2C6CC00A9FFD0 /* main.cpp in Sources */ = {isa = PBXBuildFile; fileRef = 05907EAB1EF2C6CC00A9FFD0 /* main.cpp */; };
/* End PBXBuildFile section */

/* Begin PBXCopyFilesBuildPhase section */
		05907EA61EF2C6CC00A9FFD0 /* CopyFiles */ = {
			isa = PBXCopyFilesBuildPhase;
			buildActionMask = 2147483647;
			dstPath = /usr/share/man/man1/;
			dstSubfolderSpec = 0;
			files = (
			);
			runOnlyForDeploymentPostprocessing = 1;
		};
/* End PBXCopyFilesBuildPhase section */

/* Begin PBXFileReference section */
		05907EA81EF2C6CC00A9FFD0 /* Week of Code 33 - Transform to Palindrome */ = {isa = PBXFileReference; explicitFileType = "compiled.mach-o.executable"; includeInIndex = 0; path = "Week of Code 33 - Transform to Palindrome"; sourceTree = BUILT_PRODUCTS_DIR; };
		05907EAB1EF2C6CC00A9FFD0 /* main.cpp */ = {isa = PBXFileReference; lastKnownFileType = sourcecode.cpp.cpp; path = main.cpp; sourceTree = "<group>"; };
/* End PBXFileReference section */

/* Begin PBXFrameworksBuildPhase section */
		05907EA51EF2C6CC00A9FFD0 /* Frameworks */ = {
			isa = PBXFrameworksBuildPhase;
			buildActionMask = 2147483647;
			files = (
			);
			runOnlyForDeploymentPostprocessing = 0;
		};
/* End PBXFrameworksBuildPhase section */

/* Begin PBXGroup section */
		05907E9F1EF2C6CC00A9FFD0 = {
			isa = PBXGroup;
			children = (
				05907EAA1EF2C6CC00A9FFD0 /* Week of Code 33 - Transform to Palindrome */,
				05907EA91EF2C6CC00A9FFD0 /* Products */,
			);
			sourceTree = "<group>";
		};
		05907EA91EF2C6CC00A9FFD0 /* Products */ = {
			isa = PBXGroup;
			children = (
				05907EA81EF2C6CC00A9FFD0 /* Week of Code 33 - Transform to Palindrome */,
			);
			name = Products;
			sourceTree = "<group>";
		};
		05907EAA1EF2C6CC00A9FFD0 /* Week of Code 33 - Transform to Palindrome */ = {
			isa = PBXGroup;
			children = (
				05907EAB1EF2C6CC00A9FFD0 /* main.cpp */,
			);
			path = "Week of Code 33 - Transform to Palindrome";
			sourceTree = "<group>";
		};
/* End PBXGroup section */

/* Begin PBXNativeTarget section */
		05907EA71EF2C6CC00A9FFD0 /* Week of Code 33 - Transform to Palindrome */ = {
			isa = PBXNativeTarget;
			buildConfigurationList = 05907EAF1EF2C6CC00A9FFD0 /* Build configuration list for PBXNativeTarget "Week of Code 33 - Transform to Palindrome" */;
			buildPhases = (
				05907EA41EF2C6CC00A9FFD0 /* Sources */,
				05907EA51EF2C6CC00A9FFD0 /* Frameworks */,
				05907EA61EF2C6CC00A9FFD0 /* CopyFiles */,
			);
			buildRules = (
			);
			dependencies = (
			);
			name = "Week of Code 33 - Transform to Palindrome";
			productName = "Week of Code 33 - Transform to Palindrome";
			productReference = 05907EA81EF2C6CC00A9FFD0 /* Week of Code 33 - Transform to Palindrome */;
			productType = "com.apple.product-type.tool";
		};
/* End PBXNativeTarget section */

/* Begin PBXProject section */
		05907EA01EF2C6CC00A9FFD0 /* Project object */ = {
			isa = PBXProject;
			attributes = {
				LastUpgradeCheck = 0830;
				ORGANIZATIONNAME = "Eastern University";
				TargetAttributes = {
					05907EA71EF2C6CC00A9FFD0 = {
						CreatedOnToolsVersion = 8.3.3;
						DevelopmentTeam = 9BS6UYQ9N9;
						ProvisioningStyle = Automatic;
					};
				};
			};
			buildConfigurationList = 05907EA31EF2C6CC00A9FFD0 /* Build configuration list for PBXProject "Week of Code 33 - Transform to Palindrome" */;
			compatibilityVersion = "Xcode 3.2";
			developmentRegion = English;
			hasScannedForEncodings = 0;
			knownRegions = (
				en,
			);
			mainGroup = 05907E9F1EF2C6CC00A9FFD0;
			productRefGroup = 05907EA91EF2C6CC00A9FFD0 /* Products */;
			projectDirPath = "";
			projectRoot = "";
			targets = (
				05907EA71EF2C6CC00A9FFD0 /* Week of Code 33 - Transform to Palindrome */,
			);
		};
/* End PBXProject section */

/* Begin PBXSourcesBuildPhase section */
		05907EA41EF2C6CC00A9FFD0 /* Sources */ = {
			isa = PBXSourcesBuildPhase;
			buildActionMask = 2147483647;
			files = (
				05907EAC1EF2C6CC00A9FFD0 /* main.cpp in Sources */,
			);
			runOnlyForDeploymentPostprocessing = 0;
		};
/* End PBXSourcesBuildPhase section */

/* Begin XCBuildConfiguration section */
		05907EAD1EF2C6CC00A9FFD0 /* Debug */ = {
			isa = XCBuildConfiguration;
			buildSettings = {
				ALWAYS_SEARCH_USER_PATHS = NO;
				CLANG_ANALYZER_NONNULL = YES;
				CLANG_ANALYZER_NUMBER_OBJECT_CONVERSION = YES_AGGRESSIVE;
				CLANG_CXX_LANGUAGE_STANDARD = "gnu++0x";
				CLANG_CXX_LIBRARY = "libc++";
				CLANG_ENABLE_MODULES = YES;
				CLANG_ENABLE_OBJC_ARC = YES;
				CLANG_WARN_BOOL_CONVERSION = YES;
				CLANG_WARN_CONSTANT_CONVERSION = YES;
				CLANG_WARN_DIRECT_OBJC_ISA_USAGE = YES_ERROR;
				CLANG_WARN_DOCUMENTATION_COMMENTS = YES;
				CLANG_WARN_EMPTY_BODY = YES;
				CLANG_WARN_ENUM_CONVERSION = YES;
				CLANG_WARN_INFINITE_RECURSION = YES;
				CLANG_WARN_INT_CONVERSION = YES;
				CLANG_WARN_OBJC_ROOT_CLASS = YES_ERROR;
				CLANG_WARN_SUSPICIOUS_MOVE = YES;
				CLANG_WARN_UNREACHABLE_CODE = YES;
				CLANG_WARN__DUPLICATE_METHOD_MATCH = YES;
				CODE_SIGN_IDENTITY = "-";
				COPY_PHASE_STRIP = NO;
				DEBUG_INFORMATION_FORMAT = dwarf;
				ENABLE_STRICT_OBJC_MSGSEND = YES;
				ENABLE_TESTABILITY = YES;
				GCC_C_LANGUAGE_STANDARD = gnu99;
				GCC_DYNAMIC_NO_PIC = NO;
				GCC_NO_COMMON_BLOCKS = YES;
				GCC_OPTIMIZATION_LEVEL = 0;
				GCC_PREPROCESSOR_DEFINITIONS = (
					"DEBUG=1",
					"$(inherited)",
				);
				GCC_WARN_64_TO_32_BIT_CONVERSION = YES;
				GCC_WARN_ABOUT_RETURN_TYPE = YES_ERROR;
				GCC_WARN_UNDECLARED_SELECTOR = YES;
				GCC_WARN_UNINITIALIZED_AUTOS = YES_AGGRESSIVE;
				GCC_WARN_UNUSED_FUNCTION = YES;
				GCC_WARN_UNUSED_VARIABLE = YES;
				MACOSX_DEPLOYMENT_TARGET = 10.12;
				MTL_ENABLE_DEBUG_INFO = YES;
				ONLY_ACTIVE_ARCH = YES;
				SDKROOT = macosx;
			};
			name = Debug;
		};
		05907EAE1EF2C6CC00A9FFD0 /* Release */ = {
			isa = XCBuildConfiguration;
			buildSettings = {
				ALWAYS_SEARCH_USER_PATHS = NO;
				CLANG_ANALYZER_NONNULL = YES;
				CLANG_ANALYZER_NUMBER_OBJECT_CONVERSION = YES_AGGRESSIVE;
				CLANG_CXX_LANGUAGE_STANDARD = "gnu++0x";
				CLANG_CXX_LIBRARY = "libc++";
				CLANG_ENABLE_MODULES = YES;
				CLANG_ENABLE_OBJC_ARC = YES;
				CLANG_WARN_BOOL_CONVERSION = YES;
				CLANG_WARN_CONSTANT_CONVERSION = YES;
				CLANG_WARN_DIRECT_OBJC_ISA_USAGE = YES_ERROR;
				CLANG_WARN_DOCUMENTATION_COMMENTS = YES;
				CLANG_WARN_EMPTY_BODY = YES;
				CLANG_WARN_ENUM_CONVERSION = YES;
				CLANG_WARN_INFINITE_RECURSION = YES;
				CLANG_WARN_INT_CONVERSION = YES;
				CLANG_WARN_OBJC_ROOT_CLASS = YES_ERROR;
				CLANG_WARN_SUSPICIOUS_MOVE = YES;
				CLANG_WARN_UNREACHABLE_CODE = YES;
				CLANG_WARN__DUPLICATE_METHOD_MATCH = YES;
				CODE_SIGN_IDENTITY = "-";
				COPY_PHASE_STRIP = NO;
				DEBUG_INFORMATION_FORMAT = "dwarf-with-dsym";
				ENABLE_NS_ASSERTIONS = NO;
				ENABLE_STRICT_OBJC_MSGSEND = YES;
				GCC_C_LANGUAGE_STANDARD = gnu99;
				GCC_NO_COMMON_BLOCKS = YES;
				GCC_WARN_64_TO_32_BIT_CONVERSION = YES;
				GCC_WARN_ABOUT_RETURN_TYPE = YES_ERROR;
				GCC_WARN_UNDECLARED_SELECTOR = YES;
				GCC_WARN_UNINITIALIZED_AUTOS = YES_AGGRESSIVE;
				GCC_WARN_UNUSED_FUNCTION = YES;
				GCC_WARN_UNUSED_VARIABLE = YES;
				MACOSX_DEPLOYMENT_TARGET = 10.12;
				MTL_ENABLE_DEBUG_INFO = NO;
				SDKROOT = macosx;
			};
			name = Release;
		};
		05907EB01EF2C6CC00A9FFD0 /* Debug */ = {
			isa = XCBuildConfiguration;
			buildSettings = {
				DEVELOPMENT_TEAM = 9BS6UYQ9N9;
				PRODUCT_NAME = "$(TARGET_NAME)";
			};
			name = Debug;
		};
		05907EB11EF2C6CC00A9FFD0 /* Release */ = {
			isa = XCBuildConfiguration;
			buildSettings = {
				DEVELOPMENT_TEAM = 9BS6UYQ9N9;
				PRODUCT_NAME = "$(TARGET_NAME)";
			};
			name = Release;
		};
/* End XCBuildConfiguration section */

/* Begin XCConfigurationList section */
		05907EA31EF2C6CC00A9FFD0 /* Build configuration list for PBXProject "Week of Code 33 - Transform to Palindrome" */ = {
			isa = XCConfigurationList;
			buildConfigurations = (
				05907EAD1EF2C6CC00A9FFD0 /* Debug */,
				05907EAE1EF2C6CC00A9FFD0 /* Release */,
			);
			defaultConfigurationIsVisible = 0;
			defaultConfigurationName = Release;
		};
		05907EAF1EF2C6CC00A9FFD0 /* Build configuration list for PBXNativeTarget "Week of Code 33 - Transform to Palindrome" */ = {
			isa = XCConfigurationList;
			buildConfigurations = (
				05907EB01EF2C6CC00A9FFD0 /* Debug */,
				05907EB11EF2C6CC00A9FFD0 /* Release */,
			);
			defaultConfigurationIsVisible = 0;
		};
/* End XCConfigurationList section */
	};
	rootObject = 05907EA01EF2C6CC00A9FFD0 /* Project object */;
}
