// !$*UTF8*$!
{
	archiveVersion = 1;
	classes = {
	};
	objectVersion = 46;
	objects = {

/* Begin PBXBuildFile section */
		0530AFEB1E2227E500691B7F /* main.cpp in Sources */ = {isa = PBXBuildFile; fileRef = 0530AFEA1E2227E500691B7F /* main.cpp */; };
/* End PBXBuildFile section */

/* Begin PBXCopyFilesBuildPhase section */
		0530AFE51E2227E500691B7F /* CopyFiles */ = {
			isa = PBXCopyFilesBuildPhase;
			buildActionMask = 2147483647;
			dstPath = /usr/share/man/man1/;
			dstSubfolderSpec = 0;
			files = (
			);
			runOnlyForDeploymentPostprocessing = 1;
		};
/* End PBXCopyFilesBuildPhase section */

/* Begin PBXFileReference section */
		0530AFE71E2227E500691B7F /* Hacker Rank - Project Euler #168- Number Rotations */ = {isa = PBXFileReference; explicitFileType = "compiled.mach-o.executable"; includeInIndex = 0; path = "Hacker Rank - Project Euler #168- Number Rotations"; sourceTree = BUILT_PRODUCTS_DIR; };
		0530AFEA1E2227E500691B7F /* main.cpp */ = {isa = PBXFileReference; lastKnownFileType = sourcecode.cpp.cpp; path = main.cpp; sourceTree = "<group>"; };
/* End PBXFileReference section */

/* Begin PBXFrameworksBuildPhase section */
		0530AFE41E2227E500691B7F /* Frameworks */ = {
			isa = PBXFrameworksBuildPhase;
			buildActionMask = 2147483647;
			files = (
			);
			runOnlyForDeploymentPostprocessing = 0;
		};
/* End PBXFrameworksBuildPhase section */

/* Begin PBXGroup section */
		0530AFDE1E2227E500691B7F = {
			isa = PBXGroup;
			children = (
				0530AFE91E2227E500691B7F /* Hacker Rank - Project Euler #168- Number Rotations */,
				0530AFE81E2227E500691B7F /* Products */,
			);
			sourceTree = "<group>";
		};
		0530AFE81E2227E500691B7F /* Products */ = {
			isa = PBXGroup;
			children = (
				0530AFE71E2227E500691B7F /* Hacker Rank - Project Euler #168- Number Rotations */,
			);
			name = Products;
			sourceTree = "<group>";
		};
		0530AFE91E2227E500691B7F /* Hacker Rank - Project Euler #168- Number Rotations */ = {
			isa = PBXGroup;
			children = (
				0530AFEA1E2227E500691B7F /* main.cpp */,
			);
			path = "Hacker Rank - Project Euler #168- Number Rotations";
			sourceTree = "<group>";
		};
/* End PBXGroup section */

/* Begin PBXNativeTarget section */
		0530AFE61E2227E500691B7F /* Hacker Rank - Project Euler #168- Number Rotations */ = {
			isa = PBXNativeTarget;
			buildConfigurationList = 0530AFEE1E2227E500691B7F /* Build configuration list for PBXNativeTarget "Hacker Rank - Project Euler #168- Number Rotations" */;
			buildPhases = (
				0530AFE31E2227E500691B7F /* Sources */,
				0530AFE41E2227E500691B7F /* Frameworks */,
				0530AFE51E2227E500691B7F /* CopyFiles */,
			);
			buildRules = (
			);
			dependencies = (
			);
			name = "Hacker Rank - Project Euler #168- Number Rotations";
			productName = "Hacker Rank - Project Euler #168- Number Rotations";
			productReference = 0530AFE71E2227E500691B7F /* Hacker Rank - Project Euler #168- Number Rotations */;
			productType = "com.apple.product-type.tool";
		};
/* End PBXNativeTarget section */

/* Begin PBXProject section */
		0530AFDF1E2227E500691B7F /* Project object */ = {
			isa = PBXProject;
			attributes = {
				LastUpgradeCheck = 0800;
				ORGANIZATIONNAME = "S M HEMEL";
				TargetAttributes = {
					0530AFE61E2227E500691B7F = {
						CreatedOnToolsVersion = 8.0;
						ProvisioningStyle = Automatic;
					};
				};
			};
			buildConfigurationList = 0530AFE21E2227E500691B7F /* Build configuration list for PBXProject "Hacker Rank - Project Euler #168- Number Rotations" */;
			compatibilityVersion = "Xcode 3.2";
			developmentRegion = English;
			hasScannedForEncodings = 0;
			knownRegions = (
				en,
			);
			mainGroup = 0530AFDE1E2227E500691B7F;
			productRefGroup = 0530AFE81E2227E500691B7F /* Products */;
			projectDirPath = "";
			projectRoot = "";
			targets = (
				0530AFE61E2227E500691B7F /* Hacker Rank - Project Euler #168- Number Rotations */,
			);
		};
/* End PBXProject section */

/* Begin PBXSourcesBuildPhase section */
		0530AFE31E2227E500691B7F /* Sources */ = {
			isa = PBXSourcesBuildPhase;
			buildActionMask = 2147483647;
			files = (
				0530AFEB1E2227E500691B7F /* main.cpp in Sources */,
			);
			runOnlyForDeploymentPostprocessing = 0;
		};
/* End PBXSourcesBuildPhase section */

/* Begin XCBuildConfiguration section */
		0530AFEC1E2227E500691B7F /* Debug */ = {
			isa = XCBuildConfiguration;
			buildSettings = {
				ALWAYS_SEARCH_USER_PATHS = NO;
				CLANG_ANALYZER_NONNULL = YES;
				CLANG_CXX_LANGUAGE_STANDARD = "gnu++0x";
				CLANG_CXX_LIBRARY = "libc++";
				CLANG_ENABLE_MODULES = YES;
				CLANG_ENABLE_OBJC_ARC = YES;
				CLANG_WARN_BOOL_CONVERSION = YES;
				CLANG_WARN_CONSTANT_CONVERSION = YES;
				CLANG_WARN_DIRECT_OBJC_ISA_USAGE = YES_ERROR;
				CLANG_WARN_DOCUMENTATION_COMMENTS = YES;
				CLANG_WARN_EMPTY_BODY = YES;
				CLANG_WARN_ENUM_CONVERSION = YES;
				CLANG_WARN_INFINITE_RECURSION = YES;
				CLANG_WARN_INT_CONVERSION = YES;
				CLANG_WARN_OBJC_ROOT_CLASS = YES_ERROR;
				CLANG_WARN_SUSPICIOUS_MOVES = YES;
				CLANG_WARN_UNREACHABLE_CODE = YES;
				CLANG_WARN__DUPLICATE_METHOD_MATCH = YES;
				CODE_SIGN_IDENTITY = "-";
				COPY_PHASE_STRIP = NO;
				DEBUG_INFORMATION_FORMAT = dwarf;
				ENABLE_STRICT_OBJC_MSGSEND = YES;
				ENABLE_TESTABILITY = YES;
				GCC_C_LANGUAGE_STANDARD = gnu99;
				GCC_DYNAMIC_NO_PIC = NO;
				GCC_NO_COMMON_BLOCKS = YES;
				GCC_OPTIMIZATION_LEVEL = 0;
				GCC_PREPROCESSOR_DEFINITIONS = (
					"DEBUG=1",
					"$(inherited)",
				);
				GCC_WARN_64_TO_32_BIT_CONVERSION = YES;
				GCC_WARN_ABOUT_RETURN_TYPE = YES_ERROR;
				GCC_WARN_UNDECLARED_SELECTOR = YES;
				GCC_WARN_UNINITIALIZED_AUTOS = YES_AGGRESSIVE;
				GCC_WARN_UNUSED_FUNCTION = YES;
				GCC_WARN_UNUSED_VARIABLE = YES;
				MACOSX_DEPLOYMENT_TARGET = 10.12;
				MTL_ENABLE_DEBUG_INFO = YES;
				ONLY_ACTIVE_ARCH = YES;
				SDKROOT = macosx;
			};
			name = Debug;
		};
		0530AFED1E2227E500691B7F /* Release */ = {
			isa = XCBuildConfiguration;
			buildSettings = {
				ALWAYS_SEARCH_USER_PATHS = NO;
				CLANG_ANALYZER_NONNULL = YES;
				CLANG_CXX_LANGUAGE_STANDARD = "gnu++0x";
				CLANG_CXX_LIBRARY = "libc++";
				CLANG_ENABLE_MODULES = YES;
				CLANG_ENABLE_OBJC_ARC = YES;
				CLANG_WARN_BOOL_CONVERSION = YES;
				CLANG_WARN_CONSTANT_CONVERSION = YES;
				CLANG_WARN_DIRECT_OBJC_ISA_USAGE = YES_ERROR;
				CLANG_WARN_DOCUMENTATION_COMMENTS = YES;
				CLANG_WARN_EMPTY_BODY = YES;
				CLANG_WARN_ENUM_CONVERSION = YES;
				CLANG_WARN_INFINITE_RECURSION = YES;
				CLANG_WARN_INT_CONVERSION = YES;
				CLANG_WARN_OBJC_ROOT_CLASS = YES_ERROR;
				CLANG_WARN_SUSPICIOUS_MOVES = YES;
				CLANG_WARN_UNREACHABLE_CODE = YES;
				CLANG_WARN__DUPLICATE_METHOD_MATCH = YES;
				CODE_SIGN_IDENTITY = "-";
				COPY_PHASE_STRIP = NO;
				DEBUG_INFORMATION_FORMAT = "dwarf-with-dsym";
				ENABLE_NS_ASSERTIONS = NO;
				ENABLE_STRICT_OBJC_MSGSEND = YES;
				GCC_C_LANGUAGE_STANDARD = gnu99;
				GCC_NO_COMMON_BLOCKS = YES;
				GCC_WARN_64_TO_32_BIT_CONVERSION = YES;
				GCC_WARN_ABOUT_RETURN_TYPE = YES_ERROR;
				GCC_WARN_UNDECLARED_SELECTOR = YES;
				GCC_WARN_UNINITIALIZED_AUTOS = YES_AGGRESSIVE;
				GCC_WARN_UNUSED_FUNCTION = YES;
				GCC_WARN_UNUSED_VARIABLE = YES;
				MACOSX_DEPLOYMENT_TARGET = 10.12;
				MTL_ENABLE_DEBUG_INFO = NO;
				SDKROOT = macosx;
			};
			name = Release;
		};
		0530AFEF1E2227E500691B7F /* Debug */ = {
			isa = XCBuildConfiguration;
			buildSettings = {
				PRODUCT_NAME = "$(TARGET_NAME)";
			};
			name = Debug;
		};
		0530AFF01E2227E500691B7F /* Release */ = {
			isa = XCBuildConfiguration;
			buildSettings = {
				PRODUCT_NAME = "$(TARGET_NAME)";
			};
			name = Release;
		};
/* End XCBuildConfiguration section */

/* Begin XCConfigurationList section */
		0530AFE21E2227E500691B7F /* Build configuration list for PBXProject "Hacker Rank - Project Euler #168- Number Rotations" */ = {
			isa = XCConfigurationList;
			buildConfigurations = (
				0530AFEC1E2227E500691B7F /* Debug */,
				0530AFED1E2227E500691B7F /* Release */,
			);
			defaultConfigurationIsVisible = 0;
			defaultConfigurationName = Release;
		};
		0530AFEE1E2227E500691B7F /* Build configuration list for PBXNativeTarget "Hacker Rank - Project Euler #168- Number Rotations" */ = {
			isa = XCConfigurationList;
			buildConfigurations = (
				0530AFEF1E2227E500691B7F /* Debug */,
				0530AFF01E2227E500691B7F /* Release */,
			);
			defaultConfigurationIsVisible = 0;
		};
/* End XCConfigurationList section */
	};
	rootObject = 0530AFDF1E2227E500691B7F /* Project object */;
}
