// !$*UTF8*$!
{
	archiveVersion = 1;
	classes = {
	};
	objectVersion = 46;
	objects = {

/* Begin PBXBuildFile section */
		05AE2BCF1EB8D6EC00BEC6F6 /* main.cpp in Sources */ = {isa = PBXBuildFile; fileRef = 05AE2BCE1EB8D6EC00BEC6F6 /* main.cpp */; };
/* End PBXBuildFile section */

/* Begin PBXCopyFilesBuildPhase section */
		05AE2BC91EB8D6EC00BEC6F6 /* CopyFiles */ = {
			isa = PBXCopyFilesBuildPhase;
			buildActionMask = 2147483647;
			dstPath = /usr/share/man/man1/;
			dstSubfolderSpec = 0;
			files = (
			);
			runOnlyForDeploymentPostprocessing = 1;
		};
/* End PBXCopyFilesBuildPhase section */

/* Begin PBXFileReference section */
		05AE2BCB1EB8D6EC00BEC6F6 /* HourRank 20 - Hot and Cold */ = {isa = PBXFileReference; explicitFileType = "compiled.mach-o.executable"; includeInIndex = 0; path = "HourRank 20 - Hot and Cold"; sourceTree = BUILT_PRODUCTS_DIR; };
		05AE2BCE1EB8D6EC00BEC6F6 /* main.cpp */ = {isa = PBXFileReference; lastKnownFileType = sourcecode.cpp.cpp; path = main.cpp; sourceTree = "<group>"; };
/* End PBXFileReference section */

/* Begin PBXFrameworksBuildPhase section */
		05AE2BC81EB8D6EC00BEC6F6 /* Frameworks */ = {
			isa = PBXFrameworksBuildPhase;
			buildActionMask = 2147483647;
			files = (
			);
			runOnlyForDeploymentPostprocessing = 0;
		};
/* End PBXFrameworksBuildPhase section */

/* Begin PBXGroup section */
		05AE2BC21EB8D6EC00BEC6F6 = {
			isa = PBXGroup;
			children = (
				05AE2BCD1EB8D6EC00BEC6F6 /* HourRank 20 - Hot and Cold */,
				05AE2BCC1EB8D6EC00BEC6F6 /* Products */,
			);
			sourceTree = "<group>";
		};
		05AE2BCC1EB8D6EC00BEC6F6 /* Products */ = {
			isa = PBXGroup;
			children = (
				05AE2BCB1EB8D6EC00BEC6F6 /* HourRank 20 - Hot and Cold */,
			);
			name = Products;
			sourceTree = "<group>";
		};
		05AE2BCD1EB8D6EC00BEC6F6 /* HourRank 20 - Hot and Cold */ = {
			isa = PBXGroup;
			children = (
				05AE2BCE1EB8D6EC00BEC6F6 /* main.cpp */,
			);
			path = "HourRank 20 - Hot and Cold";
			sourceTree = "<group>";
		};
/* End PBXGroup section */

/* Begin PBXNativeTarget section */
		05AE2BCA1EB8D6EC00BEC6F6 /* HourRank 20 - Hot and Cold */ = {
			isa = PBXNativeTarget;
			buildConfigurationList = 05AE2BD21EB8D6EC00BEC6F6 /* Build configuration list for PBXNativeTarget "HourRank 20 - Hot and Cold" */;
			buildPhases = (
				05AE2BC71EB8D6EC00BEC6F6 /* Sources */,
				05AE2BC81EB8D6EC00BEC6F6 /* Frameworks */,
				05AE2BC91EB8D6EC00BEC6F6 /* CopyFiles */,
			);
			buildRules = (
			);
			dependencies = (
			);
			name = "HourRank 20 - Hot and Cold";
			productName = "HourRank 20 - Hot and Cold";
			productReference = 05AE2BCB1EB8D6EC00BEC6F6 /* HourRank 20 - Hot and Cold */;
			productType = "com.apple.product-type.tool";
		};
/* End PBXNativeTarget section */

/* Begin PBXProject section */
		05AE2BC31EB8D6EC00BEC6F6 /* Project object */ = {
			isa = PBXProject;
			attributes = {
				LastUpgradeCheck = 0830;
				ORGANIZATIONNAME = "Eastern University";
				TargetAttributes = {
					05AE2BCA1EB8D6EC00BEC6F6 = {
						CreatedOnToolsVersion = 8.3.2;
						DevelopmentTeam = 9BS6UYQ9N9;
						ProvisioningStyle = Automatic;
					};
				};
			};
			buildConfigurationList = 05AE2BC61EB8D6EC00BEC6F6 /* Build configuration list for PBXProject "HourRank 20 - Hot and Cold" */;
			compatibilityVersion = "Xcode 3.2";
			developmentRegion = English;
			hasScannedForEncodings = 0;
			knownRegions = (
				en,
			);
			mainGroup = 05AE2BC21EB8D6EC00BEC6F6;
			productRefGroup = 05AE2BCC1EB8D6EC00BEC6F6 /* Products */;
			projectDirPath = "";
			projectRoot = "";
			targets = (
				05AE2BCA1EB8D6EC00BEC6F6 /* HourRank 20 - Hot and Cold */,
			);
		};
/* End PBXProject section */

/* Begin PBXSourcesBuildPhase section */
		05AE2BC71EB8D6EC00BEC6F6 /* Sources */ = {
			isa = PBXSourcesBuildPhase;
			buildActionMask = 2147483647;
			files = (
				05AE2BCF1EB8D6EC00BEC6F6 /* main.cpp in Sources */,
			);
			runOnlyForDeploymentPostprocessing = 0;
		};
/* End PBXSourcesBuildPhase section */

/* Begin XCBuildConfiguration section */
		05AE2BD01EB8D6EC00BEC6F6 /* Debug */ = {
			isa = XCBuildConfiguration;
			buildSettings = {
				ALWAYS_SEARCH_USER_PATHS = NO;
				CLANG_ANALYZER_NONNULL = YES;
				CLANG_ANALYZER_NUMBER_OBJECT_CONVERSION = YES_AGGRESSIVE;
				CLANG_CXX_LANGUAGE_STANDARD = "gnu++0x";
				CLANG_CXX_LIBRARY = "libc++";
				CLANG_ENABLE_MODULES = YES;
				CLANG_ENABLE_OBJC_ARC = YES;
				CLANG_WARN_BOOL_CONVERSION = YES;
				CLANG_WARN_CONSTANT_CONVERSION = YES;
				CLANG_WARN_DIRECT_OBJC_ISA_USAGE = YES_ERROR;
				CLANG_WARN_DOCUMENTATION_COMMENTS = YES;
				CLANG_WARN_EMPTY_BODY = YES;
				CLANG_WARN_ENUM_CONVERSION = YES;
				CLANG_WARN_INFINITE_RECURSION = YES;
				CLANG_WARN_INT_CONVERSION = YES;
				CLANG_WARN_OBJC_ROOT_CLASS = YES_ERROR;
				CLANG_WARN_SUSPICIOUS_MOVE = YES;
				CLANG_WARN_UNREACHABLE_CODE = YES;
				CLANG_WARN__DUPLICATE_METHOD_MATCH = YES;
				CODE_SIGN_IDENTITY = "-";
				COPY_PHASE_STRIP = NO;
				DEBUG_INFORMATION_FORMAT = dwarf;
				ENABLE_STRICT_OBJC_MSGSEND = YES;
				ENABLE_TESTABILITY = YES;
				GCC_C_LANGUAGE_STANDARD = gnu99;
				GCC_DYNAMIC_NO_PIC = NO;
				GCC_NO_COMMON_BLOCKS = YES;
				GCC_OPTIMIZATION_LEVEL = 0;
				GCC_PREPROCESSOR_DEFINITIONS = (
					"DEBUG=1",
					"$(inherited)",
				);
				GCC_WARN_64_TO_32_BIT_CONVERSION = YES;
				GCC_WARN_ABOUT_RETURN_TYPE = YES_ERROR;
				GCC_WARN_UNDECLARED_SELECTOR = YES;
				GCC_WARN_UNINITIALIZED_AUTOS = YES_AGGRESSIVE;
				GCC_WARN_UNUSED_FUNCTION = YES;
				GCC_WARN_UNUSED_VARIABLE = YES;
				MACOSX_DEPLOYMENT_TARGET = 10.12;
				MTL_ENABLE_DEBUG_INFO = YES;
				ONLY_ACTIVE_ARCH = YES;
				SDKROOT = macosx;
			};
			name = Debug;
		};
		05AE2BD11EB8D6EC00BEC6F6 /* Release */ = {
			isa = XCBuildConfiguration;
			buildSettings = {
				ALWAYS_SEARCH_USER_PATHS = NO;
				CLANG_ANALYZER_NONNULL = YES;
				CLANG_ANALYZER_NUMBER_OBJECT_CONVERSION = YES_AGGRESSIVE;
				CLANG_CXX_LANGUAGE_STANDARD = "gnu++0x";
				CLANG_CXX_LIBRARY = "libc++";
				CLANG_ENABLE_MODULES = YES;
				CLANG_ENABLE_OBJC_ARC = YES;
				CLANG_WARN_BOOL_CONVERSION = YES;
				CLANG_WARN_CONSTANT_CONVERSION = YES;
				CLANG_WARN_DIRECT_OBJC_ISA_USAGE = YES_ERROR;
				CLANG_WARN_DOCUMENTATION_COMMENTS = YES;
				CLANG_WARN_EMPTY_BODY = YES;
				CLANG_WARN_ENUM_CONVERSION = YES;
				CLANG_WARN_INFINITE_RECURSION = YES;
				CLANG_WARN_INT_CONVERSION = YES;
				CLANG_WARN_OBJC_ROOT_CLASS = YES_ERROR;
				CLANG_WARN_SUSPICIOUS_MOVE = YES;
				CLANG_WARN_UNREACHABLE_CODE = YES;
				CLANG_WARN__DUPLICATE_METHOD_MATCH = YES;
				CODE_SIGN_IDENTITY = "-";
				COPY_PHASE_STRIP = NO;
				DEBUG_INFORMATION_FORMAT = "dwarf-with-dsym";
				ENABLE_NS_ASSERTIONS = NO;
				ENABLE_STRICT_OBJC_MSGSEND = YES;
				GCC_C_LANGUAGE_STANDARD = gnu99;
				GCC_NO_COMMON_BLOCKS = YES;
				GCC_WARN_64_TO_32_BIT_CONVERSION = YES;
				GCC_WARN_ABOUT_RETURN_TYPE = YES_ERROR;
				GCC_WARN_UNDECLARED_SELECTOR = YES;
				GCC_WARN_UNINITIALIZED_AUTOS = YES_AGGRESSIVE;
				GCC_WARN_UNUSED_FUNCTION = YES;
				GCC_WARN_UNUSED_VARIABLE = YES;
				MACOSX_DEPLOYMENT_TARGET = 10.12;
				MTL_ENABLE_DEBUG_INFO = NO;
				SDKROOT = macosx;
			};
			name = Release;
		};
		05AE2BD31EB8D6EC00BEC6F6 /* Debug */ = {
			isa = XCBuildConfiguration;
			buildSettings = {
				DEVELOPMENT_TEAM = 9BS6UYQ9N9;
				PRODUCT_NAME = "$(TARGET_NAME)";
			};
			name = Debug;
		};
		05AE2BD41EB8D6EC00BEC6F6 /* Release */ = {
			isa = XCBuildConfiguration;
			buildSettings = {
				DEVELOPMENT_TEAM = 9BS6UYQ9N9;
				PRODUCT_NAME = "$(TARGET_NAME)";
			};
			name = Release;
		};
/* End XCBuildConfiguration section */

/* Begin XCConfigurationList section */
		05AE2BC61EB8D6EC00BEC6F6 /* Build configuration list for PBXProject "HourRank 20 - Hot and Cold" */ = {
			isa = XCConfigurationList;
			buildConfigurations = (
				05AE2BD01EB8D6EC00BEC6F6 /* Debug */,
				05AE2BD11EB8D6EC00BEC6F6 /* Release */,
			);
			defaultConfigurationIsVisible = 0;
			defaultConfigurationName = Release;
		};
		05AE2BD21EB8D6EC00BEC6F6 /* Build configuration list for PBXNativeTarget "HourRank 20 - Hot and Cold" */ = {
			isa = XCConfigurationList;
			buildConfigurations = (
				05AE2BD31EB8D6EC00BEC6F6 /* Debug */,
				05AE2BD41EB8D6EC00BEC6F6 /* Release */,
			);
			defaultConfigurationIsVisible = 0;
		};
/* End XCConfigurationList section */
	};
	rootObject = 05AE2BC31EB8D6EC00BEC6F6 /* Project object */;
}
