// !$*UTF8*$!
{
	archiveVersion = 1;
	classes = {
	};
	objectVersion = 46;
	objects = {

/* Begin PBXBuildFile section */
		05F0A9A41E2F3DEB00DAAE22 /* main.cpp in Sources */ = {isa = PBXBuildFile; fileRef = 05F0A9A31E2F3DEB00DAAE22 /* main.cpp */; };
/* End PBXBuildFile section */

/* Begin PBXCopyFilesBuildPhase section */
		05F0A99E1E2F3DEB00DAAE22 /* CopyFiles */ = {
			isa = PBXCopyFilesBuildPhase;
			buildActionMask = 2147483647;
			dstPath = /usr/share/man/man1/;
			dstSubfolderSpec = 0;
			files = (
			);
			runOnlyForDeploymentPostprocessing = 1;
		};
/* End PBXCopyFilesBuildPhase section */

/* Begin PBXFileReference section */
		05F0A9A01E2F3DEB00DAAE22 /* 101 Hack 45 - The Chosen One */ = {isa = PBXFileReference; explicitFileType = "compiled.mach-o.executable"; includeInIndex = 0; path = "101 Hack 45 - The Chosen One"; sourceTree = BUILT_PRODUCTS_DIR; };
		05F0A9A31E2F3DEB00DAAE22 /* main.cpp */ = {isa = PBXFileReference; lastKnownFileType = sourcecode.cpp.cpp; path = main.cpp; sourceTree = "<group>"; };
/* End PBXFileReference section */

/* Begin PBXFrameworksBuildPhase section */
		05F0A99D1E2F3DEB00DAAE22 /* Frameworks */ = {
			isa = PBXFrameworksBuildPhase;
			buildActionMask = 2147483647;
			files = (
			);
			runOnlyForDeploymentPostprocessing = 0;
		};
/* End PBXFrameworksBuildPhase section */

/* Begin PBXGroup section */
		05F0A9971E2F3DEB00DAAE22 = {
			isa = PBXGroup;
			children = (
				05F0A9A21E2F3DEB00DAAE22 /* 101 Hack 45 - The Chosen One */,
				05F0A9A11E2F3DEB00DAAE22 /* Products */,
			);
			sourceTree = "<group>";
		};
		05F0A9A11E2F3DEB00DAAE22 /* Products */ = {
			isa = PBXGroup;
			children = (
				05F0A9A01E2F3DEB00DAAE22 /* 101 Hack 45 - The Chosen One */,
			);
			name = Products;
			sourceTree = "<group>";
		};
		05F0A9A21E2F3DEB00DAAE22 /* 101 Hack 45 - The Chosen One */ = {
			isa = PBXGroup;
			children = (
				05F0A9A31E2F3DEB00DAAE22 /* main.cpp */,
			);
			path = "101 Hack 45 - The Chosen One";
			sourceTree = "<group>";
		};
/* End PBXGroup section */

/* Begin PBXNativeTarget section */
		05F0A99F1E2F3DEB00DAAE22 /* 101 Hack 45 - The Chosen One */ = {
			isa = PBXNativeTarget;
			buildConfigurationList = 05F0A9A71E2F3DEB00DAAE22 /* Build configuration list for PBXNativeTarget "101 Hack 45 - The Chosen One" */;
			buildPhases = (
				05F0A99C1E2F3DEB00DAAE22 /* Sources */,
				05F0A99D1E2F3DEB00DAAE22 /* Frameworks */,
				05F0A99E1E2F3DEB00DAAE22 /* CopyFiles */,
			);
			buildRules = (
			);
			dependencies = (
			);
			name = "101 Hack 45 - The Chosen One";
			productName = "101 Hack 45 - The Chosen One";
			productReference = 05F0A9A01E2F3DEB00DAAE22 /* 101 Hack 45 - The Chosen One */;
			productType = "com.apple.product-type.tool";
		};
/* End PBXNativeTarget section */

/* Begin PBXProject section */
		05F0A9981E2F3DEB00DAAE22 /* Project object */ = {
			isa = PBXProject;
			attributes = {
				LastUpgradeCheck = 0800;
				ORGANIZATIONNAME = "S M HEMEL";
				TargetAttributes = {
					05F0A99F1E2F3DEB00DAAE22 = {
						CreatedOnToolsVersion = 8.0;
						ProvisioningStyle = Automatic;
					};
				};
			};
			buildConfigurationList = 05F0A99B1E2F3DEB00DAAE22 /* Build configuration list for PBXProject "101 Hack 45 - The Chosen One" */;
			compatibilityVersion = "Xcode 3.2";
			developmentRegion = English;
			hasScannedForEncodings = 0;
			knownRegions = (
				en,
			);
			mainGroup = 05F0A9971E2F3DEB00DAAE22;
			productRefGroup = 05F0A9A11E2F3DEB00DAAE22 /* Products */;
			projectDirPath = "";
			projectRoot = "";
			targets = (
				05F0A99F1E2F3DEB00DAAE22 /* 101 Hack 45 - The Chosen One */,
			);
		};
/* End PBXProject section */

/* Begin PBXSourcesBuildPhase section */
		05F0A99C1E2F3DEB00DAAE22 /* Sources */ = {
			isa = PBXSourcesBuildPhase;
			buildActionMask = 2147483647;
			files = (
				05F0A9A41E2F3DEB00DAAE22 /* main.cpp in Sources */,
			);
			runOnlyForDeploymentPostprocessing = 0;
		};
/* End PBXSourcesBuildPhase section */

/* Begin XCBuildConfiguration section */
		05F0A9A51E2F3DEB00DAAE22 /* Debug */ = {
			isa = XCBuildConfiguration;
			buildSettings = {
				ALWAYS_SEARCH_USER_PATHS = NO;
				CLANG_ANALYZER_NONNULL = YES;
				CLANG_CXX_LANGUAGE_STANDARD = "gnu++0x";
				CLANG_CXX_LIBRARY = "libc++";
				CLANG_ENABLE_MODULES = YES;
				CLANG_ENABLE_OBJC_ARC = YES;
				CLANG_WARN_BOOL_CONVERSION = YES;
				CLANG_WARN_CONSTANT_CONVERSION = YES;
				CLANG_WARN_DIRECT_OBJC_ISA_USAGE = YES_ERROR;
				CLANG_WARN_DOCUMENTATION_COMMENTS = YES;
				CLANG_WARN_EMPTY_BODY = YES;
				CLANG_WARN_ENUM_CONVERSION = YES;
				CLANG_WARN_INFINITE_RECURSION = YES;
				CLANG_WARN_INT_CONVERSION = YES;
				CLANG_WARN_OBJC_ROOT_CLASS = YES_ERROR;
				CLANG_WARN_SUSPICIOUS_MOVES = YES;
				CLANG_WARN_UNREACHABLE_CODE = YES;
				CLANG_WARN__DUPLICATE_METHOD_MATCH = YES;
				CODE_SIGN_IDENTITY = "-";
				COPY_PHASE_STRIP = NO;
				DEBUG_INFORMATION_FORMAT = dwarf;
				ENABLE_STRICT_OBJC_MSGSEND = YES;
				ENABLE_TESTABILITY = YES;
				GCC_C_LANGUAGE_STANDARD = gnu99;
				GCC_DYNAMIC_NO_PIC = NO;
				GCC_NO_COMMON_BLOCKS = YES;
				GCC_OPTIMIZATION_LEVEL = 0;
				GCC_PREPROCESSOR_DEFINITIONS = (
					"DEBUG=1",
					"$(inherited)",
				);
				GCC_WARN_64_TO_32_BIT_CONVERSION = YES;
				GCC_WARN_ABOUT_RETURN_TYPE = YES_ERROR;
				GCC_WARN_UNDECLARED_SELECTOR = YES;
				GCC_WARN_UNINITIALIZED_AUTOS = YES_AGGRESSIVE;
				GCC_WARN_UNUSED_FUNCTION = YES;
				GCC_WARN_UNUSED_VARIABLE = YES;
				MACOSX_DEPLOYMENT_TARGET = 10.12;
				MTL_ENABLE_DEBUG_INFO = YES;
				ONLY_ACTIVE_ARCH = YES;
				SDKROOT = macosx;
			};
			name = Debug;
		};
		05F0A9A61E2F3DEB00DAAE22 /* Release */ = {
			isa = XCBuildConfiguration;
			buildSettings = {
				ALWAYS_SEARCH_USER_PATHS = NO;
				CLANG_ANALYZER_NONNULL = YES;
				CLANG_CXX_LANGUAGE_STANDARD = "gnu++0x";
				CLANG_CXX_LIBRARY = "libc++";
				CLANG_ENABLE_MODULES = YES;
				CLANG_ENABLE_OBJC_ARC = YES;
				CLANG_WARN_BOOL_CONVERSION = YES;
				CLANG_WARN_CONSTANT_CONVERSION = YES;
				CLANG_WARN_DIRECT_OBJC_ISA_USAGE = YES_ERROR;
				CLANG_WARN_DOCUMENTATION_COMMENTS = YES;
				CLANG_WARN_EMPTY_BODY = YES;
				CLANG_WARN_ENUM_CONVERSION = YES;
				CLANG_WARN_INFINITE_RECURSION = YES;
				CLANG_WARN_INT_CONVERSION = YES;
				CLANG_WARN_OBJC_ROOT_CLASS = YES_ERROR;
				CLANG_WARN_SUSPICIOUS_MOVES = YES;
				CLANG_WARN_UNREACHABLE_CODE = YES;
				CLANG_WARN__DUPLICATE_METHOD_MATCH = YES;
				CODE_SIGN_IDENTITY = "-";
				COPY_PHASE_STRIP = NO;
				DEBUG_INFORMATION_FORMAT = "dwarf-with-dsym";
				ENABLE_NS_ASSERTIONS = NO;
				ENABLE_STRICT_OBJC_MSGSEND = YES;
				GCC_C_LANGUAGE_STANDARD = gnu99;
				GCC_NO_COMMON_BLOCKS = YES;
				GCC_WARN_64_TO_32_BIT_CONVERSION = YES;
				GCC_WARN_ABOUT_RETURN_TYPE = YES_ERROR;
				GCC_WARN_UNDECLARED_SELECTOR = YES;
				GCC_WARN_UNINITIALIZED_AUTOS = YES_AGGRESSIVE;
				GCC_WARN_UNUSED_FUNCTION = YES;
				GCC_WARN_UNUSED_VARIABLE = YES;
				MACOSX_DEPLOYMENT_TARGET = 10.12;
				MTL_ENABLE_DEBUG_INFO = NO;
				SDKROOT = macosx;
			};
			name = Release;
		};
		05F0A9A81E2F3DEB00DAAE22 /* Debug */ = {
			isa = XCBuildConfiguration;
			buildSettings = {
				PRODUCT_NAME = "$(TARGET_NAME)";
			};
			name = Debug;
		};
		05F0A9A91E2F3DEB00DAAE22 /* Release */ = {
			isa = XCBuildConfiguration;
			buildSettings = {
				PRODUCT_NAME = "$(TARGET_NAME)";
			};
			name = Release;
		};
/* End XCBuildConfiguration section */

/* Begin XCConfigurationList section */
		05F0A99B1E2F3DEB00DAAE22 /* Build configuration list for PBXProject "101 Hack 45 - The Chosen One" */ = {
			isa = XCConfigurationList;
			buildConfigurations = (
				05F0A9A51E2F3DEB00DAAE22 /* Debug */,
				05F0A9A61E2F3DEB00DAAE22 /* Release */,
			);
			defaultConfigurationIsVisible = 0;
			defaultConfigurationName = Release;
		};
		05F0A9A71E2F3DEB00DAAE22 /* Build configuration list for PBXNativeTarget "101 Hack 45 - The Chosen One" */ = {
			isa = XCConfigurationList;
			buildConfigurations = (
				05F0A9A81E2F3DEB00DAAE22 /* Debug */,
				05F0A9A91E2F3DEB00DAAE22 /* Release */,
			);
			defaultConfigurationIsVisible = 0;
		};
/* End XCConfigurationList section */
	};
	rootObject = 05F0A9981E2F3DEB00DAAE22 /* Project object */;
}
