// !$*UTF8*$!
{
	archiveVersion = 1;
	classes = {
	};
	objectVersion = 46;
	objects = {

/* Begin PBXBuildFile section */
		05981DE61E5F98F500B76006 /* main.cpp in Sources */ = {isa = PBXBuildFile; fileRef = 05981DE51E5F98F500B76006 /* main.cpp */; };
/* End PBXBuildFile section */

/* Begin PBXCopyFilesBuildPhase section */
		05981DE01E5F98F500B76006 /* CopyFiles */ = {
			isa = PBXCopyFilesBuildPhase;
			buildActionMask = 2147483647;
			dstPath = /usr/share/man/man1/;
			dstSubfolderSpec = 0;
			files = (
			);
			runOnlyForDeploymentPostprocessing = 1;
		};
/* End PBXCopyFilesBuildPhase section */

/* Begin PBXFileReference section */
		05981DE21E5F98F500B76006 /* Week of Code 29 - Big Sorting */ = {isa = PBXFileReference; explicitFileType = "compiled.mach-o.executable"; includeInIndex = 0; path = "Week of Code 29 - Big Sorting"; sourceTree = BUILT_PRODUCTS_DIR; };
		05981DE51E5F98F500B76006 /* main.cpp */ = {isa = PBXFileReference; lastKnownFileType = sourcecode.cpp.cpp; path = main.cpp; sourceTree = "<group>"; };
/* End PBXFileReference section */

/* Begin PBXFrameworksBuildPhase section */
		05981DDF1E5F98F500B76006 /* Frameworks */ = {
			isa = PBXFrameworksBuildPhase;
			buildActionMask = 2147483647;
			files = (
			);
			runOnlyForDeploymentPostprocessing = 0;
		};
/* End PBXFrameworksBuildPhase section */

/* Begin PBXGroup section */
		05981DD91E5F98F500B76006 = {
			isa = PBXGroup;
			children = (
				05981DE41E5F98F500B76006 /* Week of Code 29 - Big Sorting */,
				05981DE31E5F98F500B76006 /* Products */,
			);
			sourceTree = "<group>";
		};
		05981DE31E5F98F500B76006 /* Products */ = {
			isa = PBXGroup;
			children = (
				05981DE21E5F98F500B76006 /* Week of Code 29 - Big Sorting */,
			);
			name = Products;
			sourceTree = "<group>";
		};
		05981DE41E5F98F500B76006 /* Week of Code 29 - Big Sorting */ = {
			isa = PBXGroup;
			children = (
				05981DE51E5F98F500B76006 /* main.cpp */,
			);
			path = "Week of Code 29 - Big Sorting";
			sourceTree = "<group>";
		};
/* End PBXGroup section */

/* Begin PBXNativeTarget section */
		05981DE11E5F98F500B76006 /* Week of Code 29 - Big Sorting */ = {
			isa = PBXNativeTarget;
			buildConfigurationList = 05981DE91E5F98F500B76006 /* Build configuration list for PBXNativeTarget "Week of Code 29 - Big Sorting" */;
			buildPhases = (
				05981DDE1E5F98F500B76006 /* Sources */,
				05981DDF1E5F98F500B76006 /* Frameworks */,
				05981DE01E5F98F500B76006 /* CopyFiles */,
			);
			buildRules = (
			);
			dependencies = (
			);
			name = "Week of Code 29 - Big Sorting";
			productName = "Week of Code 29 - Big Sorting";
			productReference = 05981DE21E5F98F500B76006 /* Week of Code 29 - Big Sorting */;
			productType = "com.apple.product-type.tool";
		};
/* End PBXNativeTarget section */

/* Begin PBXProject section */
		05981DDA1E5F98F500B76006 /* Project object */ = {
			isa = PBXProject;
			attributes = {
				LastUpgradeCheck = 0820;
				ORGANIZATIONNAME = "Eastern University";
				TargetAttributes = {
					05981DE11E5F98F500B76006 = {
						CreatedOnToolsVersion = 8.2.1;
						DevelopmentTeam = 9BS6UYQ9N9;
						ProvisioningStyle = Automatic;
					};
				};
			};
			buildConfigurationList = 05981DDD1E5F98F500B76006 /* Build configuration list for PBXProject "Week of Code 29 - Big Sorting" */;
			compatibilityVersion = "Xcode 3.2";
			developmentRegion = English;
			hasScannedForEncodings = 0;
			knownRegions = (
				en,
			);
			mainGroup = 05981DD91E5F98F500B76006;
			productRefGroup = 05981DE31E5F98F500B76006 /* Products */;
			projectDirPath = "";
			projectRoot = "";
			targets = (
				05981DE11E5F98F500B76006 /* Week of Code 29 - Big Sorting */,
			);
		};
/* End PBXProject section */

/* Begin PBXSourcesBuildPhase section */
		05981DDE1E5F98F500B76006 /* Sources */ = {
			isa = PBXSourcesBuildPhase;
			buildActionMask = 2147483647;
			files = (
				05981DE61E5F98F500B76006 /* main.cpp in Sources */,
			);
			runOnlyForDeploymentPostprocessing = 0;
		};
/* End PBXSourcesBuildPhase section */

/* Begin XCBuildConfiguration section */
		05981DE71E5F98F500B76006 /* Debug */ = {
			isa = XCBuildConfiguration;
			buildSettings = {
				ALWAYS_SEARCH_USER_PATHS = NO;
				CLANG_ANALYZER_NONNULL = YES;
				CLANG_CXX_LANGUAGE_STANDARD = "gnu++0x";
				CLANG_CXX_LIBRARY = "libc++";
				CLANG_ENABLE_MODULES = YES;
				CLANG_ENABLE_OBJC_ARC = YES;
				CLANG_WARN_BOOL_CONVERSION = YES;
				CLANG_WARN_CONSTANT_CONVERSION = YES;
				CLANG_WARN_DIRECT_OBJC_ISA_USAGE = YES_ERROR;
				CLANG_WARN_DOCUMENTATION_COMMENTS = YES;
				CLANG_WARN_EMPTY_BODY = YES;
				CLANG_WARN_ENUM_CONVERSION = YES;
				CLANG_WARN_INFINITE_RECURSION = YES;
				CLANG_WARN_INT_CONVERSION = YES;
				CLANG_WARN_OBJC_ROOT_CLASS = YES_ERROR;
				CLANG_WARN_SUSPICIOUS_MOVE = YES;
				CLANG_WARN_UNREACHABLE_CODE = YES;
				CLANG_WARN__DUPLICATE_METHOD_MATCH = YES;
				CODE_SIGN_IDENTITY = "-";
				COPY_PHASE_STRIP = NO;
				DEBUG_INFORMATION_FORMAT = dwarf;
				ENABLE_STRICT_OBJC_MSGSEND = YES;
				ENABLE_TESTABILITY = YES;
				GCC_C_LANGUAGE_STANDARD = gnu99;
				GCC_DYNAMIC_NO_PIC = NO;
				GCC_NO_COMMON_BLOCKS = YES;
				GCC_OPTIMIZATION_LEVEL = 0;
				GCC_PREPROCESSOR_DEFINITIONS = (
					"DEBUG=1",
					"$(inherited)",
				);
				GCC_WARN_64_TO_32_BIT_CONVERSION = YES;
				GCC_WARN_ABOUT_RETURN_TYPE = YES_ERROR;
				GCC_WARN_UNDECLARED_SELECTOR = YES;
				GCC_WARN_UNINITIALIZED_AUTOS = YES_AGGRESSIVE;
				GCC_WARN_UNUSED_FUNCTION = YES;
				GCC_WARN_UNUSED_VARIABLE = YES;
				MACOSX_DEPLOYMENT_TARGET = 10.12;
				MTL_ENABLE_DEBUG_INFO = YES;
				ONLY_ACTIVE_ARCH = YES;
				SDKROOT = macosx;
			};
			name = Debug;
		};
		05981DE81E5F98F500B76006 /* Release */ = {
			isa = XCBuildConfiguration;
			buildSettings = {
				ALWAYS_SEARCH_USER_PATHS = NO;
				CLANG_ANALYZER_NONNULL = YES;
				CLANG_CXX_LANGUAGE_STANDARD = "gnu++0x";
				CLANG_CXX_LIBRARY = "libc++";
				CLANG_ENABLE_MODULES = YES;
				CLANG_ENABLE_OBJC_ARC = YES;
				CLANG_WARN_BOOL_CONVERSION = YES;
				CLANG_WARN_CONSTANT_CONVERSION = YES;
				CLANG_WARN_DIRECT_OBJC_ISA_USAGE = YES_ERROR;
				CLANG_WARN_DOCUMENTATION_COMMENTS = YES;
				CLANG_WARN_EMPTY_BODY = YES;
				CLANG_WARN_ENUM_CONVERSION = YES;
				CLANG_WARN_INFINITE_RECURSION = YES;
				CLANG_WARN_INT_CONVERSION = YES;
				CLANG_WARN_OBJC_ROOT_CLASS = YES_ERROR;
				CLANG_WARN_SUSPICIOUS_MOVE = YES;
				CLANG_WARN_UNREACHABLE_CODE = YES;
				CLANG_WARN__DUPLICATE_METHOD_MATCH = YES;
				CODE_SIGN_IDENTITY = "-";
				COPY_PHASE_STRIP = NO;
				DEBUG_INFORMATION_FORMAT = "dwarf-with-dsym";
				ENABLE_NS_ASSERTIONS = NO;
				ENABLE_STRICT_OBJC_MSGSEND = YES;
				GCC_C_LANGUAGE_STANDARD = gnu99;
				GCC_NO_COMMON_BLOCKS = YES;
				GCC_WARN_64_TO_32_BIT_CONVERSION = YES;
				GCC_WARN_ABOUT_RETURN_TYPE = YES_ERROR;
				GCC_WARN_UNDECLARED_SELECTOR = YES;
				GCC_WARN_UNINITIALIZED_AUTOS = YES_AGGRESSIVE;
				GCC_WARN_UNUSED_FUNCTION = YES;
				GCC_WARN_UNUSED_VARIABLE = YES;
				MACOSX_DEPLOYMENT_TARGET = 10.12;
				MTL_ENABLE_DEBUG_INFO = NO;
				SDKROOT = macosx;
			};
			name = Release;
		};
		05981DEA1E5F98F500B76006 /* Debug */ = {
			isa = XCBuildConfiguration;
			buildSettings = {
				DEVELOPMENT_TEAM = 9BS6UYQ9N9;
				PRODUCT_NAME = "$(TARGET_NAME)";
			};
			name = Debug;
		};
		05981DEB1E5F98F500B76006 /* Release */ = {
			isa = XCBuildConfiguration;
			buildSettings = {
				DEVELOPMENT_TEAM = 9BS6UYQ9N9;
				PRODUCT_NAME = "$(TARGET_NAME)";
			};
			name = Release;
		};
/* End XCBuildConfiguration section */

/* Begin XCConfigurationList section */
		05981DDD1E5F98F500B76006 /* Build configuration list for PBXProject "Week of Code 29 - Big Sorting" */ = {
			isa = XCConfigurationList;
			buildConfigurations = (
				05981DE71E5F98F500B76006 /* Debug */,
				05981DE81E5F98F500B76006 /* Release */,
			);
			defaultConfigurationIsVisible = 0;
			defaultConfigurationName = Release;
		};
		05981DE91E5F98F500B76006 /* Build configuration list for PBXNativeTarget "Week of Code 29 - Big Sorting" */ = {
			isa = XCConfigurationList;
			buildConfigurations = (
				05981DEA1E5F98F500B76006 /* Debug */,
				05981DEB1E5F98F500B76006 /* Release */,
			);
			defaultConfigurationIsVisible = 0;
		};
/* End XCConfigurationList section */
	};
	rootObject = 05981DDA1E5F98F500B76006 /* Project object */;
}
