// !$*UTF8*$!
{
	archiveVersion = 1;
	classes = {
	};
	objectVersion = 46;
	objects = {

/* Begin PBXBuildFile section */
		05DF85211E0CCCDD00896D5F /* main.cpp in Sources */ = {isa = PBXBuildFile; fileRef = 05DF85201E0CCCDD00896D5F /* main.cpp */; };
/* End PBXBuildFile section */

/* Begin PBXCopyFilesBuildPhase section */
		05DF851B1E0CCCDD00896D5F /* CopyFiles */ = {
			isa = PBXCopyFilesBuildPhase;
			buildActionMask = 2147483647;
			dstPath = /usr/share/man/man1/;
			dstSubfolderSpec = 0;
			files = (
			);
			runOnlyForDeploymentPostprocessing = 1;
		};
/* End PBXCopyFilesBuildPhase section */

/* Begin PBXFileReference section */
		05DF851D1E0CCCDD00896D5F /* Hacker Rank - Hackonacci Matrix Rotations */ = {isa = PBXFileReference; explicitFileType = "compiled.mach-o.executable"; includeInIndex = 0; path = "Hacker Rank - Hackonacci Matrix Rotations"; sourceTree = BUILT_PRODUCTS_DIR; };
		05DF85201E0CCCDD00896D5F /* main.cpp */ = {isa = PBXFileReference; lastKnownFileType = sourcecode.cpp.cpp; path = main.cpp; sourceTree = "<group>"; };
/* End PBXFileReference section */

/* Begin PBXFrameworksBuildPhase section */
		05DF851A1E0CCCDD00896D5F /* Frameworks */ = {
			isa = PBXFrameworksBuildPhase;
			buildActionMask = 2147483647;
			files = (
			);
			runOnlyForDeploymentPostprocessing = 0;
		};
/* End PBXFrameworksBuildPhase section */

/* Begin PBXGroup section */
		05DF85141E0CCCDC00896D5F = {
			isa = PBXGroup;
			children = (
				05DF851F1E0CCCDD00896D5F /* Hacker Rank - Hackonacci Matrix Rotations */,
				05DF851E1E0CCCDD00896D5F /* Products */,
			);
			sourceTree = "<group>";
		};
		05DF851E1E0CCCDD00896D5F /* Products */ = {
			isa = PBXGroup;
			children = (
				05DF851D1E0CCCDD00896D5F /* Hacker Rank - Hackonacci Matrix Rotations */,
			);
			name = Products;
			sourceTree = "<group>";
		};
		05DF851F1E0CCCDD00896D5F /* Hacker Rank - Hackonacci Matrix Rotations */ = {
			isa = PBXGroup;
			children = (
				05DF85201E0CCCDD00896D5F /* main.cpp */,
			);
			path = "Hacker Rank - Hackonacci Matrix Rotations";
			sourceTree = "<group>";
		};
/* End PBXGroup section */

/* Begin PBXNativeTarget section */
		05DF851C1E0CCCDD00896D5F /* Hacker Rank - Hackonacci Matrix Rotations */ = {
			isa = PBXNativeTarget;
			buildConfigurationList = 05DF85241E0CCCDD00896D5F /* Build configuration list for PBXNativeTarget "Hacker Rank - Hackonacci Matrix Rotations" */;
			buildPhases = (
				05DF85191E0CCCDD00896D5F /* Sources */,
				05DF851A1E0CCCDD00896D5F /* Frameworks */,
				05DF851B1E0CCCDD00896D5F /* CopyFiles */,
			);
			buildRules = (
			);
			dependencies = (
			);
			name = "Hacker Rank - Hackonacci Matrix Rotations";
			productName = "Hacker Rank - Hackonacci Matrix Rotations";
			productReference = 05DF851D1E0CCCDD00896D5F /* Hacker Rank - Hackonacci Matrix Rotations */;
			productType = "com.apple.product-type.tool";
		};
/* End PBXNativeTarget section */

/* Begin PBXProject section */
		05DF85151E0CCCDC00896D5F /* Project object */ = {
			isa = PBXProject;
			attributes = {
				LastUpgradeCheck = 0800;
				ORGANIZATIONNAME = "S M HEMEL";
				TargetAttributes = {
					05DF851C1E0CCCDD00896D5F = {
						CreatedOnToolsVersion = 8.0;
						ProvisioningStyle = Automatic;
					};
				};
			};
			buildConfigurationList = 05DF85181E0CCCDC00896D5F /* Build configuration list for PBXProject "Hacker Rank - Hackonacci Matrix Rotations" */;
			compatibilityVersion = "Xcode 3.2";
			developmentRegion = English;
			hasScannedForEncodings = 0;
			knownRegions = (
				en,
			);
			mainGroup = 05DF85141E0CCCDC00896D5F;
			productRefGroup = 05DF851E1E0CCCDD00896D5F /* Products */;
			projectDirPath = "";
			projectRoot = "";
			targets = (
				05DF851C1E0CCCDD00896D5F /* Hacker Rank - Hackonacci Matrix Rotations */,
			);
		};
/* End PBXProject section */

/* Begin PBXSourcesBuildPhase section */
		05DF85191E0CCCDD00896D5F /* Sources */ = {
			isa = PBXSourcesBuildPhase;
			buildActionMask = 2147483647;
			files = (
				05DF85211E0CCCDD00896D5F /* main.cpp in Sources */,
			);
			runOnlyForDeploymentPostprocessing = 0;
		};
/* End PBXSourcesBuildPhase section */

/* Begin XCBuildConfiguration section */
		05DF85221E0CCCDD00896D5F /* Debug */ = {
			isa = XCBuildConfiguration;
			buildSettings = {
				ALWAYS_SEARCH_USER_PATHS = NO;
				CLANG_ANALYZER_NONNULL = YES;
				CLANG_CXX_LANGUAGE_STANDARD = "gnu++0x";
				CLANG_CXX_LIBRARY = "libc++";
				CLANG_ENABLE_MODULES = YES;
				CLANG_ENABLE_OBJC_ARC = YES;
				CLANG_WARN_BOOL_CONVERSION = YES;
				CLANG_WARN_CONSTANT_CONVERSION = YES;
				CLANG_WARN_DIRECT_OBJC_ISA_USAGE = YES_ERROR;
				CLANG_WARN_DOCUMENTATION_COMMENTS = YES;
				CLANG_WARN_EMPTY_BODY = YES;
				CLANG_WARN_ENUM_CONVERSION = YES;
				CLANG_WARN_INFINITE_RECURSION = YES;
				CLANG_WARN_INT_CONVERSION = YES;
				CLANG_WARN_OBJC_ROOT_CLASS = YES_ERROR;
				CLANG_WARN_SUSPICIOUS_MOVES = YES;
				CLANG_WARN_UNREACHABLE_CODE = YES;
				CLANG_WARN__DUPLICATE_METHOD_MATCH = YES;
				CODE_SIGN_IDENTITY = "-";
				COPY_PHASE_STRIP = NO;
				DEBUG_INFORMATION_FORMAT = dwarf;
				ENABLE_STRICT_OBJC_MSGSEND = YES;
				ENABLE_TESTABILITY = YES;
				GCC_C_LANGUAGE_STANDARD = gnu99;
				GCC_DYNAMIC_NO_PIC = NO;
				GCC_NO_COMMON_BLOCKS = YES;
				GCC_OPTIMIZATION_LEVEL = 0;
				GCC_PREPROCESSOR_DEFINITIONS = (
					"DEBUG=1",
					"$(inherited)",
				);
				GCC_WARN_64_TO_32_BIT_CONVERSION = YES;
				GCC_WARN_ABOUT_RETURN_TYPE = YES_ERROR;
				GCC_WARN_UNDECLARED_SELECTOR = YES;
				GCC_WARN_UNINITIALIZED_AUTOS = YES_AGGRESSIVE;
				GCC_WARN_UNUSED_FUNCTION = YES;
				GCC_WARN_UNUSED_VARIABLE = YES;
				MACOSX_DEPLOYMENT_TARGET = 10.12;
				MTL_ENABLE_DEBUG_INFO = YES;
				ONLY_ACTIVE_ARCH = YES;
				SDKROOT = macosx;
			};
			name = Debug;
		};
		05DF85231E0CCCDD00896D5F /* Release */ = {
			isa = XCBuildConfiguration;
			buildSettings = {
				ALWAYS_SEARCH_USER_PATHS = NO;
				CLANG_ANALYZER_NONNULL = YES;
				CLANG_CXX_LANGUAGE_STANDARD = "gnu++0x";
				CLANG_CXX_LIBRARY = "libc++";
				CLANG_ENABLE_MODULES = YES;
				CLANG_ENABLE_OBJC_ARC = YES;
				CLANG_WARN_BOOL_CONVERSION = YES;
				CLANG_WARN_CONSTANT_CONVERSION = YES;
				CLANG_WARN_DIRECT_OBJC_ISA_USAGE = YES_ERROR;
				CLANG_WARN_DOCUMENTATION_COMMENTS = YES;
				CLANG_WARN_EMPTY_BODY = YES;
				CLANG_WARN_ENUM_CONVERSION = YES;
				CLANG_WARN_INFINITE_RECURSION = YES;
				CLANG_WARN_INT_CONVERSION = YES;
				CLANG_WARN_OBJC_ROOT_CLASS = YES_ERROR;
				CLANG_WARN_SUSPICIOUS_MOVES = YES;
				CLANG_WARN_UNREACHABLE_CODE = YES;
				CLANG_WARN__DUPLICATE_METHOD_MATCH = YES;
				CODE_SIGN_IDENTITY = "-";
				COPY_PHASE_STRIP = NO;
				DEBUG_INFORMATION_FORMAT = "dwarf-with-dsym";
				ENABLE_NS_ASSERTIONS = NO;
				ENABLE_STRICT_OBJC_MSGSEND = YES;
				GCC_C_LANGUAGE_STANDARD = gnu99;
				GCC_NO_COMMON_BLOCKS = YES;
				GCC_WARN_64_TO_32_BIT_CONVERSION = YES;
				GCC_WARN_ABOUT_RETURN_TYPE = YES_ERROR;
				GCC_WARN_UNDECLARED_SELECTOR = YES;
				GCC_WARN_UNINITIALIZED_AUTOS = YES_AGGRESSIVE;
				GCC_WARN_UNUSED_FUNCTION = YES;
				GCC_WARN_UNUSED_VARIABLE = YES;
				MACOSX_DEPLOYMENT_TARGET = 10.12;
				MTL_ENABLE_DEBUG_INFO = NO;
				SDKROOT = macosx;
			};
			name = Release;
		};
		05DF85251E0CCCDD00896D5F /* Debug */ = {
			isa = XCBuildConfiguration;
			buildSettings = {
				PRODUCT_NAME = "$(TARGET_NAME)";
			};
			name = Debug;
		};
		05DF85261E0CCCDD00896D5F /* Release */ = {
			isa = XCBuildConfiguration;
			buildSettings = {
				PRODUCT_NAME = "$(TARGET_NAME)";
			};
			name = Release;
		};
/* End XCBuildConfiguration section */

/* Begin XCConfigurationList section */
		05DF85181E0CCCDC00896D5F /* Build configuration list for PBXProject "Hacker Rank - Hackonacci Matrix Rotations" */ = {
			isa = XCConfigurationList;
			buildConfigurations = (
				05DF85221E0CCCDD00896D5F /* Debug */,
				05DF85231E0CCCDD00896D5F /* Release */,
			);
			defaultConfigurationIsVisible = 0;
			defaultConfigurationName = Release;
		};
		05DF85241E0CCCDD00896D5F /* Build configuration list for PBXNativeTarget "Hacker Rank - Hackonacci Matrix Rotations" */ = {
			isa = XCConfigurationList;
			buildConfigurations = (
				05DF85251E0CCCDD00896D5F /* Debug */,
				05DF85261E0CCCDD00896D5F /* Release */,
			);
			defaultConfigurationIsVisible = 0;
		};
/* End XCConfigurationList section */
	};
	rootObject = 05DF85151E0CCCDC00896D5F /* Project object */;
}
