// !$*UTF8*$!
{
	archiveVersion = 1;
	classes = {
	};
	objectVersion = 46;
	objects = {

/* Begin PBXBuildFile section */
		0534DFAC1ED48E2D00A316CF /* main.cpp in Sources */ = {isa = PBXBuildFile; fileRef = 0534DFAB1ED48E2D00A316CF /* main.cpp */; };
/* End PBXBuildFile section */

/* Begin PBXCopyFilesBuildPhase section */
		0534DFA61ED48E2D00A316CF /* CopyFiles */ = {
			isa = PBXCopyFilesBuildPhase;
			buildActionMask = 2147483647;
			dstPath = /usr/share/man/man1/;
			dstSubfolderSpec = 0;
			files = (
			);
			runOnlyForDeploymentPostprocessing = 1;
		};
/* End PBXCopyFilesBuildPhase section */

/* Begin PBXFileReference section */
		0534DFA81ED48E2D00A316CF /* 101 Hack 49 - Summing the Path Weights Between Nodes */ = {isa = PBXFileReference; explicitFileType = "compiled.mach-o.executable"; includeInIndex = 0; path = "101 Hack 49 - Summing the Path Weights Between Nodes"; sourceTree = BUILT_PRODUCTS_DIR; };
		0534DFAB1ED48E2D00A316CF /* main.cpp */ = {isa = PBXFileReference; lastKnownFileType = sourcecode.cpp.cpp; path = main.cpp; sourceTree = "<group>"; };
/* End PBXFileReference section */

/* Begin PBXFrameworksBuildPhase section */
		0534DFA51ED48E2D00A316CF /* Frameworks */ = {
			isa = PBXFrameworksBuildPhase;
			buildActionMask = 2147483647;
			files = (
			);
			runOnlyForDeploymentPostprocessing = 0;
		};
/* End PBXFrameworksBuildPhase section */

/* Begin PBXGroup section */
		0534DF9F1ED48E2D00A316CF = {
			isa = PBXGroup;
			children = (
				0534DFAA1ED48E2D00A316CF /* 101 Hack 49 - Summing the Path Weights Between Nodes */,
				0534DFA91ED48E2D00A316CF /* Products */,
			);
			sourceTree = "<group>";
		};
		0534DFA91ED48E2D00A316CF /* Products */ = {
			isa = PBXGroup;
			children = (
				0534DFA81ED48E2D00A316CF /* 101 Hack 49 - Summing the Path Weights Between Nodes */,
			);
			name = Products;
			sourceTree = "<group>";
		};
		0534DFAA1ED48E2D00A316CF /* 101 Hack 49 - Summing the Path Weights Between Nodes */ = {
			isa = PBXGroup;
			children = (
				0534DFAB1ED48E2D00A316CF /* main.cpp */,
			);
			path = "101 Hack 49 - Summing the Path Weights Between Nodes";
			sourceTree = "<group>";
		};
/* End PBXGroup section */

/* Begin PBXNativeTarget section */
		0534DFA71ED48E2D00A316CF /* 101 Hack 49 - Summing the Path Weights Between Nodes */ = {
			isa = PBXNativeTarget;
			buildConfigurationList = 0534DFAF1ED48E2D00A316CF /* Build configuration list for PBXNativeTarget "101 Hack 49 - Summing the Path Weights Between Nodes" */;
			buildPhases = (
				0534DFA41ED48E2D00A316CF /* Sources */,
				0534DFA51ED48E2D00A316CF /* Frameworks */,
				0534DFA61ED48E2D00A316CF /* CopyFiles */,
			);
			buildRules = (
			);
			dependencies = (
			);
			name = "101 Hack 49 - Summing the Path Weights Between Nodes";
			productName = "101 Hack 49 - Summing the Path Weights Between Nodes";
			productReference = 0534DFA81ED48E2D00A316CF /* 101 Hack 49 - Summing the Path Weights Between Nodes */;
			productType = "com.apple.product-type.tool";
		};
/* End PBXNativeTarget section */

/* Begin PBXProject section */
		0534DFA01ED48E2D00A316CF /* Project object */ = {
			isa = PBXProject;
			attributes = {
				LastUpgradeCheck = 0830;
				ORGANIZATIONNAME = "Eastern University";
				TargetAttributes = {
					0534DFA71ED48E2D00A316CF = {
						CreatedOnToolsVersion = 8.3.2;
						DevelopmentTeam = 9BS6UYQ9N9;
						ProvisioningStyle = Automatic;
					};
				};
			};
			buildConfigurationList = 0534DFA31ED48E2D00A316CF /* Build configuration list for PBXProject "101 Hack 49 - Summing the Path Weights Between Nodes" */;
			compatibilityVersion = "Xcode 3.2";
			developmentRegion = English;
			hasScannedForEncodings = 0;
			knownRegions = (
				en,
			);
			mainGroup = 0534DF9F1ED48E2D00A316CF;
			productRefGroup = 0534DFA91ED48E2D00A316CF /* Products */;
			projectDirPath = "";
			projectRoot = "";
			targets = (
				0534DFA71ED48E2D00A316CF /* 101 Hack 49 - Summing the Path Weights Between Nodes */,
			);
		};
/* End PBXProject section */

/* Begin PBXSourcesBuildPhase section */
		0534DFA41ED48E2D00A316CF /* Sources */ = {
			isa = PBXSourcesBuildPhase;
			buildActionMask = 2147483647;
			files = (
				0534DFAC1ED48E2D00A316CF /* main.cpp in Sources */,
			);
			runOnlyForDeploymentPostprocessing = 0;
		};
/* End PBXSourcesBuildPhase section */

/* Begin XCBuildConfiguration section */
		0534DFAD1ED48E2D00A316CF /* Debug */ = {
			isa = XCBuildConfiguration;
			buildSettings = {
				ALWAYS_SEARCH_USER_PATHS = NO;
				CLANG_ANALYZER_NONNULL = YES;
				CLANG_ANALYZER_NUMBER_OBJECT_CONVERSION = YES_AGGRESSIVE;
				CLANG_CXX_LANGUAGE_STANDARD = "gnu++0x";
				CLANG_CXX_LIBRARY = "libc++";
				CLANG_ENABLE_MODULES = YES;
				CLANG_ENABLE_OBJC_ARC = YES;
				CLANG_WARN_BOOL_CONVERSION = YES;
				CLANG_WARN_CONSTANT_CONVERSION = YES;
				CLANG_WARN_DIRECT_OBJC_ISA_USAGE = YES_ERROR;
				CLANG_WARN_DOCUMENTATION_COMMENTS = YES;
				CLANG_WARN_EMPTY_BODY = YES;
				CLANG_WARN_ENUM_CONVERSION = YES;
				CLANG_WARN_INFINITE_RECURSION = YES;
				CLANG_WARN_INT_CONVERSION = YES;
				CLANG_WARN_OBJC_ROOT_CLASS = YES_ERROR;
				CLANG_WARN_SUSPICIOUS_MOVE = YES;
				CLANG_WARN_UNREACHABLE_CODE = YES;
				CLANG_WARN__DUPLICATE_METHOD_MATCH = YES;
				CODE_SIGN_IDENTITY = "-";
				COPY_PHASE_STRIP = NO;
				DEBUG_INFORMATION_FORMAT = dwarf;
				ENABLE_STRICT_OBJC_MSGSEND = YES;
				ENABLE_TESTABILITY = YES;
				GCC_C_LANGUAGE_STANDARD = gnu99;
				GCC_DYNAMIC_NO_PIC = NO;
				GCC_NO_COMMON_BLOCKS = YES;
				GCC_OPTIMIZATION_LEVEL = 0;
				GCC_PREPROCESSOR_DEFINITIONS = (
					"DEBUG=1",
					"$(inherited)",
				);
				GCC_WARN_64_TO_32_BIT_CONVERSION = YES;
				GCC_WARN_ABOUT_RETURN_TYPE = YES_ERROR;
				GCC_WARN_UNDECLARED_SELECTOR = YES;
				GCC_WARN_UNINITIALIZED_AUTOS = YES_AGGRESSIVE;
				GCC_WARN_UNUSED_FUNCTION = YES;
				GCC_WARN_UNUSED_VARIABLE = YES;
				MACOSX_DEPLOYMENT_TARGET = 10.12;
				MTL_ENABLE_DEBUG_INFO = YES;
				ONLY_ACTIVE_ARCH = YES;
				SDKROOT = macosx;
			};
			name = Debug;
		};
		0534DFAE1ED48E2D00A316CF /* Release */ = {
			isa = XCBuildConfiguration;
			buildSettings = {
				ALWAYS_SEARCH_USER_PATHS = NO;
				CLANG_ANALYZER_NONNULL = YES;
				CLANG_ANALYZER_NUMBER_OBJECT_CONVERSION = YES_AGGRESSIVE;
				CLANG_CXX_LANGUAGE_STANDARD = "gnu++0x";
				CLANG_CXX_LIBRARY = "libc++";
				CLANG_ENABLE_MODULES = YES;
				CLANG_ENABLE_OBJC_ARC = YES;
				CLANG_WARN_BOOL_CONVERSION = YES;
				CLANG_WARN_CONSTANT_CONVERSION = YES;
				CLANG_WARN_DIRECT_OBJC_ISA_USAGE = YES_ERROR;
				CLANG_WARN_DOCUMENTATION_COMMENTS = YES;
				CLANG_WARN_EMPTY_BODY = YES;
				CLANG_WARN_ENUM_CONVERSION = YES;
				CLANG_WARN_INFINITE_RECURSION = YES;
				CLANG_WARN_INT_CONVERSION = YES;
				CLANG_WARN_OBJC_ROOT_CLASS = YES_ERROR;
				CLANG_WARN_SUSPICIOUS_MOVE = YES;
				CLANG_WARN_UNREACHABLE_CODE = YES;
				CLANG_WARN__DUPLICATE_METHOD_MATCH = YES;
				CODE_SIGN_IDENTITY = "-";
				COPY_PHASE_STRIP = NO;
				DEBUG_INFORMATION_FORMAT = "dwarf-with-dsym";
				ENABLE_NS_ASSERTIONS = NO;
				ENABLE_STRICT_OBJC_MSGSEND = YES;
				GCC_C_LANGUAGE_STANDARD = gnu99;
				GCC_NO_COMMON_BLOCKS = YES;
				GCC_WARN_64_TO_32_BIT_CONVERSION = YES;
				GCC_WARN_ABOUT_RETURN_TYPE = YES_ERROR;
				GCC_WARN_UNDECLARED_SELECTOR = YES;
				GCC_WARN_UNINITIALIZED_AUTOS = YES_AGGRESSIVE;
				GCC_WARN_UNUSED_FUNCTION = YES;
				GCC_WARN_UNUSED_VARIABLE = YES;
				MACOSX_DEPLOYMENT_TARGET = 10.12;
				MTL_ENABLE_DEBUG_INFO = NO;
				SDKROOT = macosx;
			};
			name = Release;
		};
		0534DFB01ED48E2D00A316CF /* Debug */ = {
			isa = XCBuildConfiguration;
			buildSettings = {
				DEVELOPMENT_TEAM = 9BS6UYQ9N9;
				PRODUCT_NAME = "$(TARGET_NAME)";
			};
			name = Debug;
		};
		0534DFB11ED48E2D00A316CF /* Release */ = {
			isa = XCBuildConfiguration;
			buildSettings = {
				DEVELOPMENT_TEAM = 9BS6UYQ9N9;
				PRODUCT_NAME = "$(TARGET_NAME)";
			};
			name = Release;
		};
/* End XCBuildConfiguration section */

/* Begin XCConfigurationList section */
		0534DFA31ED48E2D00A316CF /* Build configuration list for PBXProject "101 Hack 49 - Summing the Path Weights Between Nodes" */ = {
			isa = XCConfigurationList;
			buildConfigurations = (
				0534DFAD1ED48E2D00A316CF /* Debug */,
				0534DFAE1ED48E2D00A316CF /* Release */,
			);
			defaultConfigurationIsVisible = 0;
			defaultConfigurationName = Release;
		};
		0534DFAF1ED48E2D00A316CF /* Build configuration list for PBXNativeTarget "101 Hack 49 - Summing the Path Weights Between Nodes" */ = {
			isa = XCConfigurationList;
			buildConfigurations = (
				0534DFB01ED48E2D00A316CF /* Debug */,
				0534DFB11ED48E2D00A316CF /* Release */,
			);
			defaultConfigurationIsVisible = 0;
		};
/* End XCConfigurationList section */
	};
	rootObject = 0534DFA01ED48E2D00A316CF /* Project object */;
}
