// !$*UTF8*$!
{
	archiveVersion = 1;
	classes = {
	};
	objectVersion = 46;
	objects = {

/* Begin PBXBuildFile section */
		056F12731E3A4AC200FFD5D2 /* main.cpp in Sources */ = {isa = PBXBuildFile; fileRef = 056F12721E3A4AC200FFD5D2 /* main.cpp */; };
/* End PBXBuildFile section */

/* Begin PBXCopyFilesBuildPhase section */
		056F126D1E3A4AC200FFD5D2 /* CopyFiles */ = {
			isa = PBXCopyFilesBuildPhase;
			buildActionMask = 2147483647;
			dstPath = /usr/share/man/man1/;
			dstSubfolderSpec = 0;
			files = (
			);
			runOnlyForDeploymentPostprocessing = 1;
		};
/* End PBXCopyFilesBuildPhase section */

/* Begin PBXFileReference section */
		056F126F1E3A4AC200FFD5D2 /* Hacker Rnk - CodeAgon - Back to the Origin */ = {isa = PBXFileReference; explicitFileType = "compiled.mach-o.executable"; includeInIndex = 0; path = "Hacker Rnk - CodeAgon - Back to the Origin"; sourceTree = BUILT_PRODUCTS_DIR; };
		056F12721E3A4AC200FFD5D2 /* main.cpp */ = {isa = PBXFileReference; lastKnownFileType = sourcecode.cpp.cpp; path = main.cpp; sourceTree = "<group>"; };
/* End PBXFileReference section */

/* Begin PBXFrameworksBuildPhase section */
		056F126C1E3A4AC200FFD5D2 /* Frameworks */ = {
			isa = PBXFrameworksBuildPhase;
			buildActionMask = 2147483647;
			files = (
			);
			runOnlyForDeploymentPostprocessing = 0;
		};
/* End PBXFrameworksBuildPhase section */

/* Begin PBXGroup section */
		056F12661E3A4AC200FFD5D2 = {
			isa = PBXGroup;
			children = (
				056F12711E3A4AC200FFD5D2 /* Hacker Rnk - CodeAgon - Back to the Origin */,
				056F12701E3A4AC200FFD5D2 /* Products */,
			);
			sourceTree = "<group>";
		};
		056F12701E3A4AC200FFD5D2 /* Products */ = {
			isa = PBXGroup;
			children = (
				056F126F1E3A4AC200FFD5D2 /* Hacker Rnk - CodeAgon - Back to the Origin */,
			);
			name = Products;
			sourceTree = "<group>";
		};
		056F12711E3A4AC200FFD5D2 /* Hacker Rnk - CodeAgon - Back to the Origin */ = {
			isa = PBXGroup;
			children = (
				056F12721E3A4AC200FFD5D2 /* main.cpp */,
			);
			path = "Hacker Rnk - CodeAgon - Back to the Origin";
			sourceTree = "<group>";
		};
/* End PBXGroup section */

/* Begin PBXNativeTarget section */
		056F126E1E3A4AC200FFD5D2 /* Hacker Rnk - CodeAgon - Back to the Origin */ = {
			isa = PBXNativeTarget;
			buildConfigurationList = 056F12761E3A4AC200FFD5D2 /* Build configuration list for PBXNativeTarget "Hacker Rnk - CodeAgon - Back to the Origin" */;
			buildPhases = (
				056F126B1E3A4AC200FFD5D2 /* Sources */,
				056F126C1E3A4AC200FFD5D2 /* Frameworks */,
				056F126D1E3A4AC200FFD5D2 /* CopyFiles */,
			);
			buildRules = (
			);
			dependencies = (
			);
			name = "Hacker Rnk - CodeAgon - Back to the Origin";
			productName = "Hacker Rnk - CodeAgon - Back to the Origin";
			productReference = 056F126F1E3A4AC200FFD5D2 /* Hacker Rnk - CodeAgon - Back to the Origin */;
			productType = "com.apple.product-type.tool";
		};
/* End PBXNativeTarget section */

/* Begin PBXProject section */
		056F12671E3A4AC200FFD5D2 /* Project object */ = {
			isa = PBXProject;
			attributes = {
				LastUpgradeCheck = 0800;
				ORGANIZATIONNAME = "S M HEMEL";
				TargetAttributes = {
					056F126E1E3A4AC200FFD5D2 = {
						CreatedOnToolsVersion = 8.0;
						ProvisioningStyle = Automatic;
					};
				};
			};
			buildConfigurationList = 056F126A1E3A4AC200FFD5D2 /* Build configuration list for PBXProject "Hacker Rnk - CodeAgon - Back to the Origin" */;
			compatibilityVersion = "Xcode 3.2";
			developmentRegion = English;
			hasScannedForEncodings = 0;
			knownRegions = (
				en,
			);
			mainGroup = 056F12661E3A4AC200FFD5D2;
			productRefGroup = 056F12701E3A4AC200FFD5D2 /* Products */;
			projectDirPath = "";
			projectRoot = "";
			targets = (
				056F126E1E3A4AC200FFD5D2 /* Hacker Rnk - CodeAgon - Back to the Origin */,
			);
		};
/* End PBXProject section */

/* Begin PBXSourcesBuildPhase section */
		056F126B1E3A4AC200FFD5D2 /* Sources */ = {
			isa = PBXSourcesBuildPhase;
			buildActionMask = 2147483647;
			files = (
				056F12731E3A4AC200FFD5D2 /* main.cpp in Sources */,
			);
			runOnlyForDeploymentPostprocessing = 0;
		};
/* End PBXSourcesBuildPhase section */

/* Begin XCBuildConfiguration section */
		056F12741E3A4AC200FFD5D2 /* Debug */ = {
			isa = XCBuildConfiguration;
			buildSettings = {
				ALWAYS_SEARCH_USER_PATHS = NO;
				CLANG_ANALYZER_NONNULL = YES;
				CLANG_CXX_LANGUAGE_STANDARD = "gnu++0x";
				CLANG_CXX_LIBRARY = "libc++";
				CLANG_ENABLE_MODULES = YES;
				CLANG_ENABLE_OBJC_ARC = YES;
				CLANG_WARN_BOOL_CONVERSION = YES;
				CLANG_WARN_CONSTANT_CONVERSION = YES;
				CLANG_WARN_DIRECT_OBJC_ISA_USAGE = YES_ERROR;
				CLANG_WARN_DOCUMENTATION_COMMENTS = YES;
				CLANG_WARN_EMPTY_BODY = YES;
				CLANG_WARN_ENUM_CONVERSION = YES;
				CLANG_WARN_INFINITE_RECURSION = YES;
				CLANG_WARN_INT_CONVERSION = YES;
				CLANG_WARN_OBJC_ROOT_CLASS = YES_ERROR;
				CLANG_WARN_SUSPICIOUS_MOVES = YES;
				CLANG_WARN_UNREACHABLE_CODE = YES;
				CLANG_WARN__DUPLICATE_METHOD_MATCH = YES;
				CODE_SIGN_IDENTITY = "-";
				COPY_PHASE_STRIP = NO;
				DEBUG_INFORMATION_FORMAT = dwarf;
				ENABLE_STRICT_OBJC_MSGSEND = YES;
				ENABLE_TESTABILITY = YES;
				GCC_C_LANGUAGE_STANDARD = gnu99;
				GCC_DYNAMIC_NO_PIC = NO;
				GCC_NO_COMMON_BLOCKS = YES;
				GCC_OPTIMIZATION_LEVEL = 0;
				GCC_PREPROCESSOR_DEFINITIONS = (
					"DEBUG=1",
					"$(inherited)",
				);
				GCC_WARN_64_TO_32_BIT_CONVERSION = YES;
				GCC_WARN_ABOUT_RETURN_TYPE = YES_ERROR;
				GCC_WARN_UNDECLARED_SELECTOR = YES;
				GCC_WARN_UNINITIALIZED_AUTOS = YES_AGGRESSIVE;
				GCC_WARN_UNUSED_FUNCTION = YES;
				GCC_WARN_UNUSED_VARIABLE = YES;
				MACOSX_DEPLOYMENT_TARGET = 10.12;
				MTL_ENABLE_DEBUG_INFO = YES;
				ONLY_ACTIVE_ARCH = YES;
				SDKROOT = macosx;
			};
			name = Debug;
		};
		056F12751E3A4AC200FFD5D2 /* Release */ = {
			isa = XCBuildConfiguration;
			buildSettings = {
				ALWAYS_SEARCH_USER_PATHS = NO;
				CLANG_ANALYZER_NONNULL = YES;
				CLANG_CXX_LANGUAGE_STANDARD = "gnu++0x";
				CLANG_CXX_LIBRARY = "libc++";
				CLANG_ENABLE_MODULES = YES;
				CLANG_ENABLE_OBJC_ARC = YES;
				CLANG_WARN_BOOL_CONVERSION = YES;
				CLANG_WARN_CONSTANT_CONVERSION = YES;
				CLANG_WARN_DIRECT_OBJC_ISA_USAGE = YES_ERROR;
				CLANG_WARN_DOCUMENTATION_COMMENTS = YES;
				CLANG_WARN_EMPTY_BODY = YES;
				CLANG_WARN_ENUM_CONVERSION = YES;
				CLANG_WARN_INFINITE_RECURSION = YES;
				CLANG_WARN_INT_CONVERSION = YES;
				CLANG_WARN_OBJC_ROOT_CLASS = YES_ERROR;
				CLANG_WARN_SUSPICIOUS_MOVES = YES;
				CLANG_WARN_UNREACHABLE_CODE = YES;
				CLANG_WARN__DUPLICATE_METHOD_MATCH = YES;
				CODE_SIGN_IDENTITY = "-";
				COPY_PHASE_STRIP = NO;
				DEBUG_INFORMATION_FORMAT = "dwarf-with-dsym";
				ENABLE_NS_ASSERTIONS = NO;
				ENABLE_STRICT_OBJC_MSGSEND = YES;
				GCC_C_LANGUAGE_STANDARD = gnu99;
				GCC_NO_COMMON_BLOCKS = YES;
				GCC_WARN_64_TO_32_BIT_CONVERSION = YES;
				GCC_WARN_ABOUT_RETURN_TYPE = YES_ERROR;
				GCC_WARN_UNDECLARED_SELECTOR = YES;
				GCC_WARN_UNINITIALIZED_AUTOS = YES_AGGRESSIVE;
				GCC_WARN_UNUSED_FUNCTION = YES;
				GCC_WARN_UNUSED_VARIABLE = YES;
				MACOSX_DEPLOYMENT_TARGET = 10.12;
				MTL_ENABLE_DEBUG_INFO = NO;
				SDKROOT = macosx;
			};
			name = Release;
		};
		056F12771E3A4AC200FFD5D2 /* Debug */ = {
			isa = XCBuildConfiguration;
			buildSettings = {
				PRODUCT_NAME = "$(TARGET_NAME)";
			};
			name = Debug;
		};
		056F12781E3A4AC200FFD5D2 /* Release */ = {
			isa = XCBuildConfiguration;
			buildSettings = {
				PRODUCT_NAME = "$(TARGET_NAME)";
			};
			name = Release;
		};
/* End XCBuildConfiguration section */

/* Begin XCConfigurationList section */
		056F126A1E3A4AC200FFD5D2 /* Build configuration list for PBXProject "Hacker Rnk - CodeAgon - Back to the Origin" */ = {
			isa = XCConfigurationList;
			buildConfigurations = (
				056F12741E3A4AC200FFD5D2 /* Debug */,
				056F12751E3A4AC200FFD5D2 /* Release */,
			);
			defaultConfigurationIsVisible = 0;
			defaultConfigurationName = Release;
		};
		056F12761E3A4AC200FFD5D2 /* Build configuration list for PBXNativeTarget "Hacker Rnk - CodeAgon - Back to the Origin" */ = {
			isa = XCConfigurationList;
			buildConfigurations = (
				056F12771E3A4AC200FFD5D2 /* Debug */,
				056F12781E3A4AC200FFD5D2 /* Release */,
			);
			defaultConfigurationIsVisible = 0;
		};
/* End XCConfigurationList section */
	};
	rootObject = 056F12671E3A4AC200FFD5D2 /* Project object */;
}
