// !$*UTF8*$!
{
	archiveVersion = 1;
	classes = {
	};
	objectVersion = 46;
	objects = {

/* Begin PBXBuildFile section */
		0536EFC41EEB4CC70022E290 /* main.cpp in Sources */ = {isa = PBXBuildFile; fileRef = 0536EFC31EEB4CC70022E290 /* main.cpp */; };
/* End PBXBuildFile section */

/* Begin PBXCopyFilesBuildPhase section */
		0536EFBE1EEB4CC70022E290 /* CopyFiles */ = {
			isa = PBXCopyFilesBuildPhase;
			buildActionMask = 2147483647;
			dstPath = /usr/share/man/man1/;
			dstSubfolderSpec = 0;
			files = (
			);
			runOnlyForDeploymentPostprocessing = 1;
		};
/* End PBXCopyFilesBuildPhase section */

/* Begin PBXFileReference section */
		0536EFC01EEB4CC70022E290 /* Ad Infinitum18 - Tower 3-coloring */ = {isa = PBXFileReference; explicitFileType = "compiled.mach-o.executable"; includeInIndex = 0; path = "Ad Infinitum18 - Tower 3-coloring"; sourceTree = BUILT_PRODUCTS_DIR; };
		0536EFC31EEB4CC70022E290 /* main.cpp */ = {isa = PBXFileReference; lastKnownFileType = sourcecode.cpp.cpp; path = main.cpp; sourceTree = "<group>"; };
/* End PBXFileReference section */

/* Begin PBXFrameworksBuildPhase section */
		0536EFBD1EEB4CC70022E290 /* Frameworks */ = {
			isa = PBXFrameworksBuildPhase;
			buildActionMask = 2147483647;
			files = (
			);
			runOnlyForDeploymentPostprocessing = 0;
		};
/* End PBXFrameworksBuildPhase section */

/* Begin PBXGroup section */
		0536EFB71EEB4CC70022E290 = {
			isa = PBXGroup;
			children = (
				0536EFC21EEB4CC70022E290 /* Ad Infinitum18 - Tower 3-coloring */,
				0536EFC11EEB4CC70022E290 /* Products */,
			);
			sourceTree = "<group>";
		};
		0536EFC11EEB4CC70022E290 /* Products */ = {
			isa = PBXGroup;
			children = (
				0536EFC01EEB4CC70022E290 /* Ad Infinitum18 - Tower 3-coloring */,
			);
			name = Products;
			sourceTree = "<group>";
		};
		0536EFC21EEB4CC70022E290 /* Ad Infinitum18 - Tower 3-coloring */ = {
			isa = PBXGroup;
			children = (
				0536EFC31EEB4CC70022E290 /* main.cpp */,
			);
			path = "Ad Infinitum18 - Tower 3-coloring";
			sourceTree = "<group>";
		};
/* End PBXGroup section */

/* Begin PBXNativeTarget section */
		0536EFBF1EEB4CC70022E290 /* Ad Infinitum18 - Tower 3-coloring */ = {
			isa = PBXNativeTarget;
			buildConfigurationList = 0536EFC71EEB4CC70022E290 /* Build configuration list for PBXNativeTarget "Ad Infinitum18 - Tower 3-coloring" */;
			buildPhases = (
				0536EFBC1EEB4CC70022E290 /* Sources */,
				0536EFBD1EEB4CC70022E290 /* Frameworks */,
				0536EFBE1EEB4CC70022E290 /* CopyFiles */,
			);
			buildRules = (
			);
			dependencies = (
			);
			name = "Ad Infinitum18 - Tower 3-coloring";
			productName = "Ad Infinitum18 - Tower 3-coloring";
			productReference = 0536EFC01EEB4CC70022E290 /* Ad Infinitum18 - Tower 3-coloring */;
			productType = "com.apple.product-type.tool";
		};
/* End PBXNativeTarget section */

/* Begin PBXProject section */
		0536EFB81EEB4CC70022E290 /* Project object */ = {
			isa = PBXProject;
			attributes = {
				LastUpgradeCheck = 0830;
				ORGANIZATIONNAME = "Eastern University";
				TargetAttributes = {
					0536EFBF1EEB4CC70022E290 = {
						CreatedOnToolsVersion = 8.3.3;
						DevelopmentTeam = 9BS6UYQ9N9;
						ProvisioningStyle = Automatic;
					};
				};
			};
			buildConfigurationList = 0536EFBB1EEB4CC70022E290 /* Build configuration list for PBXProject "Ad Infinitum18 - Tower 3-coloring" */;
			compatibilityVersion = "Xcode 3.2";
			developmentRegion = English;
			hasScannedForEncodings = 0;
			knownRegions = (
				en,
			);
			mainGroup = 0536EFB71EEB4CC70022E290;
			productRefGroup = 0536EFC11EEB4CC70022E290 /* Products */;
			projectDirPath = "";
			projectRoot = "";
			targets = (
				0536EFBF1EEB4CC70022E290 /* Ad Infinitum18 - Tower 3-coloring */,
			);
		};
/* End PBXProject section */

/* Begin PBXSourcesBuildPhase section */
		0536EFBC1EEB4CC70022E290 /* Sources */ = {
			isa = PBXSourcesBuildPhase;
			buildActionMask = 2147483647;
			files = (
				0536EFC41EEB4CC70022E290 /* main.cpp in Sources */,
			);
			runOnlyForDeploymentPostprocessing = 0;
		};
/* End PBXSourcesBuildPhase section */

/* Begin XCBuildConfiguration section */
		0536EFC51EEB4CC70022E290 /* Debug */ = {
			isa = XCBuildConfiguration;
			buildSettings = {
				ALWAYS_SEARCH_USER_PATHS = NO;
				CLANG_ANALYZER_NONNULL = YES;
				CLANG_ANALYZER_NUMBER_OBJECT_CONVERSION = YES_AGGRESSIVE;
				CLANG_CXX_LANGUAGE_STANDARD = "gnu++0x";
				CLANG_CXX_LIBRARY = "libc++";
				CLANG_ENABLE_MODULES = YES;
				CLANG_ENABLE_OBJC_ARC = YES;
				CLANG_WARN_BOOL_CONVERSION = YES;
				CLANG_WARN_CONSTANT_CONVERSION = YES;
				CLANG_WARN_DIRECT_OBJC_ISA_USAGE = YES_ERROR;
				CLANG_WARN_DOCUMENTATION_COMMENTS = YES;
				CLANG_WARN_EMPTY_BODY = YES;
				CLANG_WARN_ENUM_CONVERSION = YES;
				CLANG_WARN_INFINITE_RECURSION = YES;
				CLANG_WARN_INT_CONVERSION = YES;
				CLANG_WARN_OBJC_ROOT_CLASS = YES_ERROR;
				CLANG_WARN_SUSPICIOUS_MOVE = YES;
				CLANG_WARN_UNREACHABLE_CODE = YES;
				CLANG_WARN__DUPLICATE_METHOD_MATCH = YES;
				CODE_SIGN_IDENTITY = "-";
				COPY_PHASE_STRIP = NO;
				DEBUG_INFORMATION_FORMAT = dwarf;
				ENABLE_STRICT_OBJC_MSGSEND = YES;
				ENABLE_TESTABILITY = YES;
				GCC_C_LANGUAGE_STANDARD = gnu99;
				GCC_DYNAMIC_NO_PIC = NO;
				GCC_NO_COMMON_BLOCKS = YES;
				GCC_OPTIMIZATION_LEVEL = 0;
				GCC_PREPROCESSOR_DEFINITIONS = (
					"DEBUG=1",
					"$(inherited)",
				);
				GCC_WARN_64_TO_32_BIT_CONVERSION = YES;
				GCC_WARN_ABOUT_RETURN_TYPE = YES_ERROR;
				GCC_WARN_UNDECLARED_SELECTOR = YES;
				GCC_WARN_UNINITIALIZED_AUTOS = YES_AGGRESSIVE;
				GCC_WARN_UNUSED_FUNCTION = YES;
				GCC_WARN_UNUSED_VARIABLE = YES;
				MACOSX_DEPLOYMENT_TARGET = 10.12;
				MTL_ENABLE_DEBUG_INFO = YES;
				ONLY_ACTIVE_ARCH = YES;
				SDKROOT = macosx;
			};
			name = Debug;
		};
		0536EFC61EEB4CC70022E290 /* Release */ = {
			isa = XCBuildConfiguration;
			buildSettings = {
				ALWAYS_SEARCH_USER_PATHS = NO;
				CLANG_ANALYZER_NONNULL = YES;
				CLANG_ANALYZER_NUMBER_OBJECT_CONVERSION = YES_AGGRESSIVE;
				CLANG_CXX_LANGUAGE_STANDARD = "gnu++0x";
				CLANG_CXX_LIBRARY = "libc++";
				CLANG_ENABLE_MODULES = YES;
				CLANG_ENABLE_OBJC_ARC = YES;
				CLANG_WARN_BOOL_CONVERSION = YES;
				CLANG_WARN_CONSTANT_CONVERSION = YES;
				CLANG_WARN_DIRECT_OBJC_ISA_USAGE = YES_ERROR;
				CLANG_WARN_DOCUMENTATION_COMMENTS = YES;
				CLANG_WARN_EMPTY_BODY = YES;
				CLANG_WARN_ENUM_CONVERSION = YES;
				CLANG_WARN_INFINITE_RECURSION = YES;
				CLANG_WARN_INT_CONVERSION = YES;
				CLANG_WARN_OBJC_ROOT_CLASS = YES_ERROR;
				CLANG_WARN_SUSPICIOUS_MOVE = YES;
				CLANG_WARN_UNREACHABLE_CODE = YES;
				CLANG_WARN__DUPLICATE_METHOD_MATCH = YES;
				CODE_SIGN_IDENTITY = "-";
				COPY_PHASE_STRIP = NO;
				DEBUG_INFORMATION_FORMAT = "dwarf-with-dsym";
				ENABLE_NS_ASSERTIONS = NO;
				ENABLE_STRICT_OBJC_MSGSEND = YES;
				GCC_C_LANGUAGE_STANDARD = gnu99;
				GCC_NO_COMMON_BLOCKS = YES;
				GCC_WARN_64_TO_32_BIT_CONVERSION = YES;
				GCC_WARN_ABOUT_RETURN_TYPE = YES_ERROR;
				GCC_WARN_UNDECLARED_SELECTOR = YES;
				GCC_WARN_UNINITIALIZED_AUTOS = YES_AGGRESSIVE;
				GCC_WARN_UNUSED_FUNCTION = YES;
				GCC_WARN_UNUSED_VARIABLE = YES;
				MACOSX_DEPLOYMENT_TARGET = 10.12;
				MTL_ENABLE_DEBUG_INFO = NO;
				SDKROOT = macosx;
			};
			name = Release;
		};
		0536EFC81EEB4CC70022E290 /* Debug */ = {
			isa = XCBuildConfiguration;
			buildSettings = {
				DEVELOPMENT_TEAM = 9BS6UYQ9N9;
				PRODUCT_NAME = "$(TARGET_NAME)";
			};
			name = Debug;
		};
		0536EFC91EEB4CC70022E290 /* Release */ = {
			isa = XCBuildConfiguration;
			buildSettings = {
				DEVELOPMENT_TEAM = 9BS6UYQ9N9;
				PRODUCT_NAME = "$(TARGET_NAME)";
			};
			name = Release;
		};
/* End XCBuildConfiguration section */

/* Begin XCConfigurationList section */
		0536EFBB1EEB4CC70022E290 /* Build configuration list for PBXProject "Ad Infinitum18 - Tower 3-coloring" */ = {
			isa = XCConfigurationList;
			buildConfigurations = (
				0536EFC51EEB4CC70022E290 /* Debug */,
				0536EFC61EEB4CC70022E290 /* Release */,
			);
			defaultConfigurationIsVisible = 0;
			defaultConfigurationName = Release;
		};
		0536EFC71EEB4CC70022E290 /* Build configuration list for PBXNativeTarget "Ad Infinitum18 - Tower 3-coloring" */ = {
			isa = XCConfigurationList;
			buildConfigurations = (
				0536EFC81EEB4CC70022E290 /* Debug */,
				0536EFC91EEB4CC70022E290 /* Release */,
			);
			defaultConfigurationIsVisible = 0;
		};
/* End XCConfigurationList section */
	};
	rootObject = 0536EFB81EEB4CC70022E290 /* Project object */;
}
