// !$*UTF8*$!
{
	archiveVersion = 1;
	classes = {
	};
	objectVersion = 46;
	objects = {

/* Begin PBXBuildFile section */
		057FD0D81E793C9300A07C38 /* main.cpp in Sources */ = {isa = PBXBuildFile; fileRef = 057FD0D71E793C9300A07C38 /* main.cpp */; };
/* End PBXBuildFile section */

/* Begin PBXCopyFilesBuildPhase section */
		057FD0D21E793C9300A07C38 /* CopyFiles */ = {
			isa = PBXCopyFilesBuildPhase;
			buildActionMask = 2147483647;
			dstPath = /usr/share/man/man1/;
			dstSubfolderSpec = 0;
			files = (
			);
			runOnlyForDeploymentPostprocessing = 1;
		};
/* End PBXCopyFilesBuildPhase section */

/* Begin PBXFileReference section */
		057FD0D41E793C9300A07C38 /* Week of Code 30 - Melodious password */ = {isa = PBXFileReference; explicitFileType = "compiled.mach-o.executable"; includeInIndex = 0; path = "Week of Code 30 - Melodious password"; sourceTree = BUILT_PRODUCTS_DIR; };
		057FD0D71E793C9300A07C38 /* main.cpp */ = {isa = PBXFileReference; lastKnownFileType = sourcecode.cpp.cpp; path = main.cpp; sourceTree = "<group>"; };
/* End PBXFileReference section */

/* Begin PBXFrameworksBuildPhase section */
		057FD0D11E793C9300A07C38 /* Frameworks */ = {
			isa = PBXFrameworksBuildPhase;
			buildActionMask = 2147483647;
			files = (
			);
			runOnlyForDeploymentPostprocessing = 0;
		};
/* End PBXFrameworksBuildPhase section */

/* Begin PBXGroup section */
		057FD0CB1E793C9300A07C38 = {
			isa = PBXGroup;
			children = (
				057FD0D61E793C9300A07C38 /* Week of Code 30 - Melodious password */,
				057FD0D51E793C9300A07C38 /* Products */,
			);
			sourceTree = "<group>";
		};
		057FD0D51E793C9300A07C38 /* Products */ = {
			isa = PBXGroup;
			children = (
				057FD0D41E793C9300A07C38 /* Week of Code 30 - Melodious password */,
			);
			name = Products;
			sourceTree = "<group>";
		};
		057FD0D61E793C9300A07C38 /* Week of Code 30 - Melodious password */ = {
			isa = PBXGroup;
			children = (
				057FD0D71E793C9300A07C38 /* main.cpp */,
			);
			path = "Week of Code 30 - Melodious password";
			sourceTree = "<group>";
		};
/* End PBXGroup section */

/* Begin PBXNativeTarget section */
		057FD0D31E793C9300A07C38 /* Week of Code 30 - Melodious password */ = {
			isa = PBXNativeTarget;
			buildConfigurationList = 057FD0DB1E793C9300A07C38 /* Build configuration list for PBXNativeTarget "Week of Code 30 - Melodious password" */;
			buildPhases = (
				057FD0D01E793C9300A07C38 /* Sources */,
				057FD0D11E793C9300A07C38 /* Frameworks */,
				057FD0D21E793C9300A07C38 /* CopyFiles */,
			);
			buildRules = (
			);
			dependencies = (
			);
			name = "Week of Code 30 - Melodious password";
			productName = "Week of Code 30 - Melodious password";
			productReference = 057FD0D41E793C9300A07C38 /* Week of Code 30 - Melodious password */;
			productType = "com.apple.product-type.tool";
		};
/* End PBXNativeTarget section */

/* Begin PBXProject section */
		057FD0CC1E793C9300A07C38 /* Project object */ = {
			isa = PBXProject;
			attributes = {
				LastUpgradeCheck = 0820;
				ORGANIZATIONNAME = "Eastern University";
				TargetAttributes = {
					057FD0D31E793C9300A07C38 = {
						CreatedOnToolsVersion = 8.2.1;
						DevelopmentTeam = 9BS6UYQ9N9;
						ProvisioningStyle = Automatic;
					};
				};
			};
			buildConfigurationList = 057FD0CF1E793C9300A07C38 /* Build configuration list for PBXProject "Week of Code 30 - Melodious password" */;
			compatibilityVersion = "Xcode 3.2";
			developmentRegion = English;
			hasScannedForEncodings = 0;
			knownRegions = (
				en,
			);
			mainGroup = 057FD0CB1E793C9300A07C38;
			productRefGroup = 057FD0D51E793C9300A07C38 /* Products */;
			projectDirPath = "";
			projectRoot = "";
			targets = (
				057FD0D31E793C9300A07C38 /* Week of Code 30 - Melodious password */,
			);
		};
/* End PBXProject section */

/* Begin PBXSourcesBuildPhase section */
		057FD0D01E793C9300A07C38 /* Sources */ = {
			isa = PBXSourcesBuildPhase;
			buildActionMask = 2147483647;
			files = (
				057FD0D81E793C9300A07C38 /* main.cpp in Sources */,
			);
			runOnlyForDeploymentPostprocessing = 0;
		};
/* End PBXSourcesBuildPhase section */

/* Begin XCBuildConfiguration section */
		057FD0D91E793C9300A07C38 /* Debug */ = {
			isa = XCBuildConfiguration;
			buildSettings = {
				ALWAYS_SEARCH_USER_PATHS = NO;
				CLANG_ANALYZER_NONNULL = YES;
				CLANG_CXX_LANGUAGE_STANDARD = "gnu++0x";
				CLANG_CXX_LIBRARY = "libc++";
				CLANG_ENABLE_MODULES = YES;
				CLANG_ENABLE_OBJC_ARC = YES;
				CLANG_WARN_BOOL_CONVERSION = YES;
				CLANG_WARN_CONSTANT_CONVERSION = YES;
				CLANG_WARN_DIRECT_OBJC_ISA_USAGE = YES_ERROR;
				CLANG_WARN_DOCUMENTATION_COMMENTS = YES;
				CLANG_WARN_EMPTY_BODY = YES;
				CLANG_WARN_ENUM_CONVERSION = YES;
				CLANG_WARN_INFINITE_RECURSION = YES;
				CLANG_WARN_INT_CONVERSION = YES;
				CLANG_WARN_OBJC_ROOT_CLASS = YES_ERROR;
				CLANG_WARN_SUSPICIOUS_MOVE = YES;
				CLANG_WARN_UNREACHABLE_CODE = YES;
				CLANG_WARN__DUPLICATE_METHOD_MATCH = YES;
				CODE_SIGN_IDENTITY = "-";
				COPY_PHASE_STRIP = NO;
				DEBUG_INFORMATION_FORMAT = dwarf;
				ENABLE_STRICT_OBJC_MSGSEND = YES;
				ENABLE_TESTABILITY = YES;
				GCC_C_LANGUAGE_STANDARD = gnu99;
				GCC_DYNAMIC_NO_PIC = NO;
				GCC_NO_COMMON_BLOCKS = YES;
				GCC_OPTIMIZATION_LEVEL = 0;
				GCC_PREPROCESSOR_DEFINITIONS = (
					"DEBUG=1",
					"$(inherited)",
				);
				GCC_WARN_64_TO_32_BIT_CONVERSION = YES;
				GCC_WARN_ABOUT_RETURN_TYPE = YES_ERROR;
				GCC_WARN_UNDECLARED_SELECTOR = YES;
				GCC_WARN_UNINITIALIZED_AUTOS = YES_AGGRESSIVE;
				GCC_WARN_UNUSED_FUNCTION = YES;
				GCC_WARN_UNUSED_VARIABLE = YES;
				MACOSX_DEPLOYMENT_TARGET = 10.12;
				MTL_ENABLE_DEBUG_INFO = YES;
				ONLY_ACTIVE_ARCH = YES;
				SDKROOT = macosx;
			};
			name = Debug;
		};
		057FD0DA1E793C9300A07C38 /* Release */ = {
			isa = XCBuildConfiguration;
			buildSettings = {
				ALWAYS_SEARCH_USER_PATHS = NO;
				CLANG_ANALYZER_NONNULL = YES;
				CLANG_CXX_LANGUAGE_STANDARD = "gnu++0x";
				CLANG_CXX_LIBRARY = "libc++";
				CLANG_ENABLE_MODULES = YES;
				CLANG_ENABLE_OBJC_ARC = YES;
				CLANG_WARN_BOOL_CONVERSION = YES;
				CLANG_WARN_CONSTANT_CONVERSION = YES;
				CLANG_WARN_DIRECT_OBJC_ISA_USAGE = YES_ERROR;
				CLANG_WARN_DOCUMENTATION_COMMENTS = YES;
				CLANG_WARN_EMPTY_BODY = YES;
				CLANG_WARN_ENUM_CONVERSION = YES;
				CLANG_WARN_INFINITE_RECURSION = YES;
				CLANG_WARN_INT_CONVERSION = YES;
				CLANG_WARN_OBJC_ROOT_CLASS = YES_ERROR;
				CLANG_WARN_SUSPICIOUS_MOVE = YES;
				CLANG_WARN_UNREACHABLE_CODE = YES;
				CLANG_WARN__DUPLICATE_METHOD_MATCH = YES;
				CODE_SIGN_IDENTITY = "-";
				COPY_PHASE_STRIP = NO;
				DEBUG_INFORMATION_FORMAT = "dwarf-with-dsym";
				ENABLE_NS_ASSERTIONS = NO;
				ENABLE_STRICT_OBJC_MSGSEND = YES;
				GCC_C_LANGUAGE_STANDARD = gnu99;
				GCC_NO_COMMON_BLOCKS = YES;
				GCC_WARN_64_TO_32_BIT_CONVERSION = YES;
				GCC_WARN_ABOUT_RETURN_TYPE = YES_ERROR;
				GCC_WARN_UNDECLARED_SELECTOR = YES;
				GCC_WARN_UNINITIALIZED_AUTOS = YES_AGGRESSIVE;
				GCC_WARN_UNUSED_FUNCTION = YES;
				GCC_WARN_UNUSED_VARIABLE = YES;
				MACOSX_DEPLOYMENT_TARGET = 10.12;
				MTL_ENABLE_DEBUG_INFO = NO;
				SDKROOT = macosx;
			};
			name = Release;
		};
		057FD0DC1E793C9300A07C38 /* Debug */ = {
			isa = XCBuildConfiguration;
			buildSettings = {
				DEVELOPMENT_TEAM = 9BS6UYQ9N9;
				PRODUCT_NAME = "$(TARGET_NAME)";
			};
			name = Debug;
		};
		057FD0DD1E793C9300A07C38 /* Release */ = {
			isa = XCBuildConfiguration;
			buildSettings = {
				DEVELOPMENT_TEAM = 9BS6UYQ9N9;
				PRODUCT_NAME = "$(TARGET_NAME)";
			};
			name = Release;
		};
/* End XCBuildConfiguration section */

/* Begin XCConfigurationList section */
		057FD0CF1E793C9300A07C38 /* Build configuration list for PBXProject "Week of Code 30 - Melodious password" */ = {
			isa = XCConfigurationList;
			buildConfigurations = (
				057FD0D91E793C9300A07C38 /* Debug */,
				057FD0DA1E793C9300A07C38 /* Release */,
			);
			defaultConfigurationIsVisible = 0;
			defaultConfigurationName = Release;
		};
		057FD0DB1E793C9300A07C38 /* Build configuration list for PBXNativeTarget "Week of Code 30 - Melodious password" */ = {
			isa = XCConfigurationList;
			buildConfigurations = (
				057FD0DC1E793C9300A07C38 /* Debug */,
				057FD0DD1E793C9300A07C38 /* Release */,
			);
			defaultConfigurationIsVisible = 0;
		};
/* End XCConfigurationList section */
	};
	rootObject = 057FD0CC1E793C9300A07C38 /* Project object */;
}
